Microsoft Visual Studio Solution File, Format Version 12.00
# Visual Studio 14
VisualStudioVersion = 14.0.25420.1
MinimumVisualStudioVersion = 10.0.40219.1
Project("{74E88969-551A-4FF6-90CA-E24398FDE033}") = "JWT", "JWT\JWT.csproj", "{7C1410D8-A354-445E-AF1A-C1F27F52A749}"
EndProject
Project("{74E88969-551A-4FF6-90CA-E24398FDE033}") = "Twilio", "Twilio\Twilio.csproj", "{C0F9BB35-A31F-4892-A964-C46911774364}"
EndProject
Global
	GlobalSection(SolutionConfigurationPlatforms) = preSolution
		Debug|Any CPU = Debug|Any CPU
		Release|Any CPU = Release|Any CPU
	EndGlobalSection
	GlobalSection(ProjectConfigurationPlatforms) = postSolution
		{7C1410D8-A354-445E-AF1A-C1F27F52A749}.Debug|Any CPU.ActiveCfg = Debug|Any CPU
		{7C1410D8-A354-445E-AF1A-C1F27F52A749}.Debug|Any CPU.Build.0 = Debug|Any CPU
		{7C1410D8-A354-445E-AF1A-C1F27F52A749}.Release|Any CPU.ActiveCfg = Release|Any CPU
		{7C1410D8-A354-445E-AF1A-C1F27F52A749}.Release|Any CPU.Build.0 = Release|Any CPU
		{C0F9BB35-A31F-4892-A964-C46911774364}.Debug|Any CPU.ActiveCfg = Debug|Any CPU
		{C0F9BB35-A31F-4892-A964-C46911774364}.Debug|Any CPU.Build.0 = Debug|Any CPU
		{C0F9BB35-A31F-4892-A964-C46911774364}.Release|Any CPU.ActiveCfg = Release|Any CPU
		{C0F9BB35-A31F-4892-A964-C46911774364}.Release|Any CPU.Build.0 = Release|Any CPU
	EndGlobalSection
	GlobalSection(SolutionProperties) = preSolution
		HideSolutionNode = FALSE
	EndGlobalSection
EndGlobal
