
Microsoft Visual Studio Solution File, Format Version 12.00
# Visual Studio 2012
VisualStudioVersion = 12.0.30501.0
MinimumVisualStudioVersion = 10.0.40219.1
Project("{2150E333-8FDC-42A3-9474-1A3956D46DE8}") = "NuGet", "NuGet", "{36CA862C-F8AB-4362-81F0-7B2116AF27FD}"
	ProjectSection(SolutionItems) = preProject
		..\LICENSE.txt = ..\LICENSE.txt
		..\Twilio.nuspec = ..\Twilio.nuspec
		version.txt = version.txt
	EndProjectSection
EndProject
Project("{2150E333-8FDC-42A3-9474-1A3956D46DE8}") = "Solution Items", "Solution Items", "{6FE9C8DF-946E-4136-8FE0-4EC5520BF57F}"
	ProjectSection(SolutionItems) = preProject
		SimpleRestClient.runsettings = SimpleRestClient.runsettings
		Twilio.Api.Pcl.Tests.runsettings = Twilio.Api.Pcl.Tests.runsettings
	EndProjectSection
EndProject
Project("{FAE04EC0-301F-11D3-BF4B-00C04F79EFBC}") = "SimpleRestClient", "SimpleRestClient\SimpleRestClient.csproj", "{2B09B37D-4049-4416-BDAB-14008BFA96D8}"
EndProject
Project("{FAE04EC0-301F-11D3-BF4B-00C04F79EFBC}") = "Twilio.Api.Net35", "Twilio.Api.Net35\Twilio.Api.Net35.csproj", "{894FF9E8-4DBF-4472-8AE2-1A6A988E105B}"
EndProject
Project("{FAE04EC0-301F-11D3-BF4B-00C04F79EFBC}") = "Twilio.Api.Shared", "Twilio.Api.Shared\Twilio.Api.Shared.csproj", "{F9C37D61-2764-42EF-95BF-F17A938E3012}"
EndProject
Project("{FAE04EC0-301F-11D3-BF4B-00C04F79EFBC}") = "SimpleRestClient.Tests", "SimpleRestClient.Tests\SimpleRestClient.Tests.csproj", "{6F5A09FB-9D5B-492E-80D1-86E3D829039A}"
EndProject
Project("{FAE04EC0-301F-11D3-BF4B-00C04F79EFBC}") = "Twilio.Api.Tests.Performance", "Twilio.Api.Tests.Performance\Twilio.Api.Tests.Performance.csproj", "{D724E4CF-C517-4B9D-B5F7-4A4E9ADD1783}"
EndProject
Project("{FAE04EC0-301F-11D3-BF4B-00C04F79EFBC}") = "Twilio.Api.Pcl", "Twilio.Api.Pcl\Twilio.Api.Pcl.csproj", "{7D7AE61D-4326-495B-BF94-D54CCC03E127}"
EndProject
Project("{2150E333-8FDC-42A3-9474-1A3956D46DE8}") = ".build", ".build", "{2F763F2A-07CD-4981-B5F7-A48CDB926FDA}"
	ProjectSection(SolutionItems) = preProject
		Build.proj = Build.proj
		.build\MSBuild.Community.Tasks.dll = .build\MSBuild.Community.Tasks.dll
		.build\MSBuild.Community.Tasks.targets = .build\MSBuild.Community.Tasks.targets
	EndProjectSection
EndProject
Project("{FAE04EC0-301F-11D3-BF4B-00C04F79EFBC}") = "Twilio.Api.Net35.Tests", "Twilio.Api.Net35.Tests\Twilio.Api.Net35.Tests.csproj", "{91583912-B870-4DA7-8092-3EFD84DF043D}"
EndProject
Project("{FAE04EC0-301F-11D3-BF4B-00C04F79EFBC}") = "Twilio.Api.Pcl.Tests", "Twilio.Api.Pcl.Tests\Twilio.Api.Pcl.Tests.csproj", "{57E93AE9-A6A8-46B5-B559-9388B57566D2}"
EndProject
Project("{2150E333-8FDC-42A3-9474-1A3956D46DE8}") = ".nuget", ".nuget", "{5B732895-5B6B-4218-B660-B93CC196FFF8}"
	ProjectSection(SolutionItems) = preProject
		.nuget\packages.config = .nuget\packages.config
	EndProjectSection
EndProject
Global
	GlobalSection(SolutionConfigurationPlatforms) = preSolution
		Debug - FX35|Any CPU = Debug - FX35|Any CPU
		Debug - FX35|ARM = Debug - FX35|ARM
		Debug - FX35|Mixed Platforms = Debug - FX35|Mixed Platforms
		Debug - FX35|x86 = Debug - FX35|x86
		Debug - PCL|Any CPU = Debug - PCL|Any CPU
		Debug - PCL|ARM = Debug - PCL|ARM
		Debug - PCL|Mixed Platforms = Debug - PCL|Mixed Platforms
		Debug - PCL|x86 = Debug - PCL|x86
		Debug|Any CPU = Debug|Any CPU
		Debug|ARM = Debug|ARM
		Debug|Mixed Platforms = Debug|Mixed Platforms
		Debug|x86 = Debug|x86
		Release|Any CPU = Release|Any CPU
		Release|ARM = Release|ARM
		Release|Mixed Platforms = Release|Mixed Platforms
		Release|x86 = Release|x86
	EndGlobalSection
	GlobalSection(ProjectConfigurationPlatforms) = postSolution
		{2B09B37D-4049-4416-BDAB-14008BFA96D8}.Debug - FX35|Any CPU.ActiveCfg = FX35|Any CPU
		{2B09B37D-4049-4416-BDAB-14008BFA96D8}.Debug - FX35|Any CPU.Build.0 = FX35|Any CPU
		{2B09B37D-4049-4416-BDAB-14008BFA96D8}.Debug - FX35|ARM.ActiveCfg = FX35|Any CPU
		{2B09B37D-4049-4416-BDAB-14008BFA96D8}.Debug - FX35|Mixed Platforms.ActiveCfg = FX35|Any CPU
		{2B09B37D-4049-4416-BDAB-14008BFA96D8}.Debug - FX35|Mixed Platforms.Build.0 = FX35|Any CPU
		{2B09B37D-4049-4416-BDAB-14008BFA96D8}.Debug - FX35|x86.ActiveCfg = FX35|Any CPU
		{2B09B37D-4049-4416-BDAB-14008BFA96D8}.Debug - PCL|Any CPU.ActiveCfg = PCL|Any CPU
		{2B09B37D-4049-4416-BDAB-14008BFA96D8}.Debug - PCL|Any CPU.Build.0 = PCL|Any CPU
		{2B09B37D-4049-4416-BDAB-14008BFA96D8}.Debug - PCL|ARM.ActiveCfg = PCL|Any CPU
		{2B09B37D-4049-4416-BDAB-14008BFA96D8}.Debug - PCL|Mixed Platforms.ActiveCfg = PCL|Any CPU
		{2B09B37D-4049-4416-BDAB-14008BFA96D8}.Debug - PCL|Mixed Platforms.Build.0 = PCL|Any CPU
		{2B09B37D-4049-4416-BDAB-14008BFA96D8}.Debug - PCL|x86.ActiveCfg = PCL|Any CPU
		{2B09B37D-4049-4416-BDAB-14008BFA96D8}.Debug|Any CPU.ActiveCfg = Debug|Any CPU
		{2B09B37D-4049-4416-BDAB-14008BFA96D8}.Debug|Any CPU.Build.0 = Debug|Any CPU
		{2B09B37D-4049-4416-BDAB-14008BFA96D8}.Debug|ARM.ActiveCfg = Debug|Any CPU
		{2B09B37D-4049-4416-BDAB-14008BFA96D8}.Debug|Mixed Platforms.ActiveCfg = Debug|Any CPU
		{2B09B37D-4049-4416-BDAB-14008BFA96D8}.Debug|Mixed Platforms.Build.0 = Debug|Any CPU
		{2B09B37D-4049-4416-BDAB-14008BFA96D8}.Debug|x86.ActiveCfg = Debug|Any CPU
		{2B09B37D-4049-4416-BDAB-14008BFA96D8}.Release|Any CPU.ActiveCfg = Release|Any CPU
		{2B09B37D-4049-4416-BDAB-14008BFA96D8}.Release|ARM.ActiveCfg = Release|Any CPU
		{2B09B37D-4049-4416-BDAB-14008BFA96D8}.Release|Mixed Platforms.ActiveCfg = Release|Any CPU
		{2B09B37D-4049-4416-BDAB-14008BFA96D8}.Release|Mixed Platforms.Build.0 = Release|Any CPU
		{2B09B37D-4049-4416-BDAB-14008BFA96D8}.Release|x86.ActiveCfg = Release|Any CPU
		{57E93AE9-A6A8-46B5-B559-9388B57566D2}.Debug - FX35|Any CPU.ActiveCfg = Release|Any CPU
		{57E93AE9-A6A8-46B5-B559-9388B57566D2}.Debug - FX35|ARM.ActiveCfg = Release|Any CPU
		{57E93AE9-A6A8-46B5-B559-9388B57566D2}.Debug - FX35|Mixed Platforms.ActiveCfg = FX35|Any CPU
		{57E93AE9-A6A8-46B5-B559-9388B57566D2}.Debug - FX35|x86.ActiveCfg = Release|Any CPU
		{57E93AE9-A6A8-46B5-B559-9388B57566D2}.Debug - PCL|Any CPU.ActiveCfg = PCL|Any CPU
		{57E93AE9-A6A8-46B5-B559-9388B57566D2}.Debug - PCL|Any CPU.Build.0 = PCL|Any CPU
		{57E93AE9-A6A8-46B5-B559-9388B57566D2}.Debug - PCL|ARM.ActiveCfg = Release|Any CPU
		{57E93AE9-A6A8-46B5-B559-9388B57566D2}.Debug - PCL|Mixed Platforms.ActiveCfg = PCL|Any CPU
		{57E93AE9-A6A8-46B5-B559-9388B57566D2}.Debug - PCL|Mixed Platforms.Build.0 = PCL|Any CPU
		{57E93AE9-A6A8-46B5-B559-9388B57566D2}.Debug - PCL|x86.ActiveCfg = Release|Any CPU
		{57E93AE9-A6A8-46B5-B559-9388B57566D2}.Debug|Any CPU.ActiveCfg = Debug|Any CPU
		{57E93AE9-A6A8-46B5-B559-9388B57566D2}.Debug|Any CPU.Build.0 = Debug|Any CPU
		{57E93AE9-A6A8-46B5-B559-9388B57566D2}.Debug|ARM.ActiveCfg = Debug|Any CPU
		{57E93AE9-A6A8-46B5-B559-9388B57566D2}.Debug|Mixed Platforms.ActiveCfg = Debug|Any CPU
		{57E93AE9-A6A8-46B5-B559-9388B57566D2}.Debug|Mixed Platforms.Build.0 = Debug|Any CPU
		{57E93AE9-A6A8-46B5-B559-9388B57566D2}.Debug|x86.ActiveCfg = Debug|Any CPU
		{57E93AE9-A6A8-46B5-B559-9388B57566D2}.Release|Any CPU.ActiveCfg = Release|Any CPU
		{57E93AE9-A6A8-46B5-B559-9388B57566D2}.Release|Any CPU.Build.0 = Release|Any CPU
		{57E93AE9-A6A8-46B5-B559-9388B57566D2}.Release|ARM.ActiveCfg = Release|Any CPU
		{57E93AE9-A6A8-46B5-B559-9388B57566D2}.Release|Mixed Platforms.ActiveCfg = Release|Any CPU
		{57E93AE9-A6A8-46B5-B559-9388B57566D2}.Release|Mixed Platforms.Build.0 = Release|Any CPU
		{57E93AE9-A6A8-46B5-B559-9388B57566D2}.Release|x86.ActiveCfg = Release|Any CPU
		{6F5A09FB-9D5B-492E-80D1-86E3D829039A}.Debug - FX35|Any CPU.ActiveCfg = FX35|Any CPU
		{6F5A09FB-9D5B-492E-80D1-86E3D829039A}.Debug - FX35|Any CPU.Build.0 = FX35|Any CPU
		{6F5A09FB-9D5B-492E-80D1-86E3D829039A}.Debug - FX35|ARM.ActiveCfg = FX35|Any CPU
		{6F5A09FB-9D5B-492E-80D1-86E3D829039A}.Debug - FX35|Mixed Platforms.ActiveCfg = FX35|Any CPU
		{6F5A09FB-9D5B-492E-80D1-86E3D829039A}.Debug - FX35|Mixed Platforms.Build.0 = FX35|Any CPU
		{6F5A09FB-9D5B-492E-80D1-86E3D829039A}.Debug - FX35|x86.ActiveCfg = FX35|Any CPU
		{6F5A09FB-9D5B-492E-80D1-86E3D829039A}.Debug - PCL|Any CPU.ActiveCfg = PCL|Any CPU
		{6F5A09FB-9D5B-492E-80D1-86E3D829039A}.Debug - PCL|Any CPU.Build.0 = PCL|Any CPU
		{6F5A09FB-9D5B-492E-80D1-86E3D829039A}.Debug - PCL|ARM.ActiveCfg = PCL|Any CPU
		{6F5A09FB-9D5B-492E-80D1-86E3D829039A}.Debug - PCL|Mixed Platforms.ActiveCfg = PCL|Any CPU
		{6F5A09FB-9D5B-492E-80D1-86E3D829039A}.Debug - PCL|Mixed Platforms.Build.0 = PCL|Any CPU
		{6F5A09FB-9D5B-492E-80D1-86E3D829039A}.Debug - PCL|x86.ActiveCfg = PCL|Any CPU
		{6F5A09FB-9D5B-492E-80D1-86E3D829039A}.Debug|Any CPU.ActiveCfg = Debug|Any CPU
		{6F5A09FB-9D5B-492E-80D1-86E3D829039A}.Debug|Any CPU.Build.0 = Debug|Any CPU
		{6F5A09FB-9D5B-492E-80D1-86E3D829039A}.Debug|ARM.ActiveCfg = Debug|Any CPU
		{6F5A09FB-9D5B-492E-80D1-86E3D829039A}.Debug|Mixed Platforms.ActiveCfg = Debug|Any CPU
		{6F5A09FB-9D5B-492E-80D1-86E3D829039A}.Debug|Mixed Platforms.Build.0 = Debug|Any CPU
		{6F5A09FB-9D5B-492E-80D1-86E3D829039A}.Debug|x86.ActiveCfg = Debug|Any CPU
		{6F5A09FB-9D5B-492E-80D1-86E3D829039A}.Release|Any CPU.ActiveCfg = Release|Any CPU
		{6F5A09FB-9D5B-492E-80D1-86E3D829039A}.Release|ARM.ActiveCfg = Release|Any CPU
		{6F5A09FB-9D5B-492E-80D1-86E3D829039A}.Release|Mixed Platforms.ActiveCfg = Release|Any CPU
		{6F5A09FB-9D5B-492E-80D1-86E3D829039A}.Release|Mixed Platforms.Build.0 = Release|Any CPU
		{6F5A09FB-9D5B-492E-80D1-86E3D829039A}.Release|x86.ActiveCfg = Release|Any CPU
		{7D7AE61D-4326-495B-BF94-D54CCC03E127}.Debug - FX35|Any CPU.ActiveCfg = FX35|Any CPU
		{7D7AE61D-4326-495B-BF94-D54CCC03E127}.Debug - FX35|ARM.ActiveCfg = FX35|Any CPU
		{7D7AE61D-4326-495B-BF94-D54CCC03E127}.Debug - FX35|Mixed Platforms.ActiveCfg = FX35|Any CPU
		{7D7AE61D-4326-495B-BF94-D54CCC03E127}.Debug - FX35|x86.ActiveCfg = FX35|Any CPU
		{7D7AE61D-4326-495B-BF94-D54CCC03E127}.Debug - PCL|Any CPU.ActiveCfg = PCL|Any CPU
		{7D7AE61D-4326-495B-BF94-D54CCC03E127}.Debug - PCL|Any CPU.Build.0 = PCL|Any CPU
		{7D7AE61D-4326-495B-BF94-D54CCC03E127}.Debug - PCL|ARM.ActiveCfg = PCL|Any CPU
		{7D7AE61D-4326-495B-BF94-D54CCC03E127}.Debug - PCL|Mixed Platforms.ActiveCfg = PCL|Any CPU
		{7D7AE61D-4326-495B-BF94-D54CCC03E127}.Debug - PCL|Mixed Platforms.Build.0 = PCL|Any CPU
		{7D7AE61D-4326-495B-BF94-D54CCC03E127}.Debug - PCL|x86.ActiveCfg = PCL|Any CPU
		{7D7AE61D-4326-495B-BF94-D54CCC03E127}.Debug|Any CPU.ActiveCfg = Debug|Any CPU
		{7D7AE61D-4326-495B-BF94-D54CCC03E127}.Debug|ARM.ActiveCfg = Debug|Any CPU
		{7D7AE61D-4326-495B-BF94-D54CCC03E127}.Debug|Mixed Platforms.ActiveCfg = Debug|Any CPU
		{7D7AE61D-4326-495B-BF94-D54CCC03E127}.Debug|Mixed Platforms.Build.0 = Debug|Any CPU
		{7D7AE61D-4326-495B-BF94-D54CCC03E127}.Debug|x86.ActiveCfg = Debug|Any CPU
		{7D7AE61D-4326-495B-BF94-D54CCC03E127}.Release|Any CPU.ActiveCfg = Release|Any CPU
		{7D7AE61D-4326-495B-BF94-D54CCC03E127}.Release|ARM.ActiveCfg = Release|Any CPU
		{7D7AE61D-4326-495B-BF94-D54CCC03E127}.Release|Mixed Platforms.ActiveCfg = Release|Any CPU
		{7D7AE61D-4326-495B-BF94-D54CCC03E127}.Release|Mixed Platforms.Build.0 = Release|Any CPU
		{7D7AE61D-4326-495B-BF94-D54CCC03E127}.Release|x86.ActiveCfg = Release|Any CPU
		{894FF9E8-4DBF-4472-8AE2-1A6A988E105B}.Debug - FX35|Any CPU.ActiveCfg = FX35|Any CPU
		{894FF9E8-4DBF-4472-8AE2-1A6A988E105B}.Debug - FX35|Any CPU.Build.0 = FX35|Any CPU
		{894FF9E8-4DBF-4472-8AE2-1A6A988E105B}.Debug - FX35|ARM.ActiveCfg = FX35|Any CPU
		{894FF9E8-4DBF-4472-8AE2-1A6A988E105B}.Debug - FX35|Mixed Platforms.ActiveCfg = FX35|Any CPU
		{894FF9E8-4DBF-4472-8AE2-1A6A988E105B}.Debug - FX35|Mixed Platforms.Build.0 = FX35|Any CPU
		{894FF9E8-4DBF-4472-8AE2-1A6A988E105B}.Debug - FX35|x86.ActiveCfg = FX35|Any CPU
		{894FF9E8-4DBF-4472-8AE2-1A6A988E105B}.Debug - PCL|Any CPU.ActiveCfg = PCL|Any CPU
		{894FF9E8-4DBF-4472-8AE2-1A6A988E105B}.Debug - PCL|ARM.ActiveCfg = PCL|Any CPU
		{894FF9E8-4DBF-4472-8AE2-1A6A988E105B}.Debug - PCL|Mixed Platforms.ActiveCfg = PCL|Any CPU
		{894FF9E8-4DBF-4472-8AE2-1A6A988E105B}.Debug - PCL|x86.ActiveCfg = PCL|Any CPU
		{894FF9E8-4DBF-4472-8AE2-1A6A988E105B}.Debug|Any CPU.ActiveCfg = Debug|Any CPU
		{894FF9E8-4DBF-4472-8AE2-1A6A988E105B}.Debug|Any CPU.Build.0 = Debug|Any CPU
		{894FF9E8-4DBF-4472-8AE2-1A6A988E105B}.Debug|ARM.ActiveCfg = Debug|Any CPU
		{894FF9E8-4DBF-4472-8AE2-1A6A988E105B}.Debug|Mixed Platforms.ActiveCfg = Debug|Any CPU
		{894FF9E8-4DBF-4472-8AE2-1A6A988E105B}.Debug|Mixed Platforms.Build.0 = Debug|Any CPU
		{894FF9E8-4DBF-4472-8AE2-1A6A988E105B}.Debug|x86.ActiveCfg = Debug|Any CPU
		{894FF9E8-4DBF-4472-8AE2-1A6A988E105B}.Release|Any CPU.ActiveCfg = Release|Any CPU
		{894FF9E8-4DBF-4472-8AE2-1A6A988E105B}.Release|ARM.ActiveCfg = Release|Any CPU
		{894FF9E8-4DBF-4472-8AE2-1A6A988E105B}.Release|Mixed Platforms.ActiveCfg = Release|Any CPU
		{894FF9E8-4DBF-4472-8AE2-1A6A988E105B}.Release|Mixed Platforms.Build.0 = Release|Any CPU
		{894FF9E8-4DBF-4472-8AE2-1A6A988E105B}.Release|x86.ActiveCfg = Release|Any CPU
		{91583912-B870-4DA7-8092-3EFD84DF043D}.Debug - FX35|Any CPU.ActiveCfg = FX35|Any CPU
		{91583912-B870-4DA7-8092-3EFD84DF043D}.Debug - FX35|Any CPU.Build.0 = FX35|Any CPU
		{91583912-B870-4DA7-8092-3EFD84DF043D}.Debug - FX35|ARM.ActiveCfg = Release|Any CPU
		{91583912-B870-4DA7-8092-3EFD84DF043D}.Debug - FX35|Mixed Platforms.ActiveCfg = FX35|Any CPU
		{91583912-B870-4DA7-8092-3EFD84DF043D}.Debug - FX35|Mixed Platforms.Build.0 = FX35|Any CPU
		{91583912-B870-4DA7-8092-3EFD84DF043D}.Debug - FX35|x86.ActiveCfg = Release|Any CPU
		{91583912-B870-4DA7-8092-3EFD84DF043D}.Debug - PCL|Any CPU.ActiveCfg = Release|Any CPU
		{91583912-B870-4DA7-8092-3EFD84DF043D}.Debug - PCL|ARM.ActiveCfg = Release|Any CPU
		{91583912-B870-4DA7-8092-3EFD84DF043D}.Debug - PCL|Mixed Platforms.ActiveCfg = PCL|Any CPU
		{91583912-B870-4DA7-8092-3EFD84DF043D}.Debug - PCL|x86.ActiveCfg = Release|Any CPU
		{91583912-B870-4DA7-8092-3EFD84DF043D}.Debug|Any CPU.ActiveCfg = Debug|Any CPU
		{91583912-B870-4DA7-8092-3EFD84DF043D}.Debug|Any CPU.Build.0 = Debug|Any CPU
		{91583912-B870-4DA7-8092-3EFD84DF043D}.Debug|ARM.ActiveCfg = Debug|Any CPU
		{91583912-B870-4DA7-8092-3EFD84DF043D}.Debug|Mixed Platforms.ActiveCfg = Debug|Any CPU
		{91583912-B870-4DA7-8092-3EFD84DF043D}.Debug|Mixed Platforms.Build.0 = Debug|Any CPU
		{91583912-B870-4DA7-8092-3EFD84DF043D}.Debug|x86.ActiveCfg = Debug|Any CPU
		{91583912-B870-4DA7-8092-3EFD84DF043D}.Release|Any CPU.ActiveCfg = Release|Any CPU
		{91583912-B870-4DA7-8092-3EFD84DF043D}.Release|Any CPU.Build.0 = Release|Any CPU
		{91583912-B870-4DA7-8092-3EFD84DF043D}.Release|ARM.ActiveCfg = Release|Any CPU
		{91583912-B870-4DA7-8092-3EFD84DF043D}.Release|Mixed Platforms.ActiveCfg = Release|Any CPU
		{91583912-B870-4DA7-8092-3EFD84DF043D}.Release|Mixed Platforms.Build.0 = Release|Any CPU
		{91583912-B870-4DA7-8092-3EFD84DF043D}.Release|x86.ActiveCfg = Release|Any CPU
		{D724E4CF-C517-4B9D-B5F7-4A4E9ADD1783}.Debug - FX35|Any CPU.ActiveCfg = FX35|Any CPU
		{D724E4CF-C517-4B9D-B5F7-4A4E9ADD1783}.Debug - FX35|ARM.ActiveCfg = FX35|Any CPU
		{D724E4CF-C517-4B9D-B5F7-4A4E9ADD1783}.Debug - FX35|Mixed Platforms.ActiveCfg = FX35|Any CPU
		{D724E4CF-C517-4B9D-B5F7-4A4E9ADD1783}.Debug - FX35|x86.ActiveCfg = FX35|Any CPU
		{D724E4CF-C517-4B9D-B5F7-4A4E9ADD1783}.Debug - PCL|Any CPU.ActiveCfg = PCL|Any CPU
		{D724E4CF-C517-4B9D-B5F7-4A4E9ADD1783}.Debug - PCL|ARM.ActiveCfg = PCL|Any CPU
		{D724E4CF-C517-4B9D-B5F7-4A4E9ADD1783}.Debug - PCL|Mixed Platforms.ActiveCfg = PCL|Any CPU
		{D724E4CF-C517-4B9D-B5F7-4A4E9ADD1783}.Debug - PCL|x86.ActiveCfg = PCL|Any CPU
		{D724E4CF-C517-4B9D-B5F7-4A4E9ADD1783}.Debug|Any CPU.ActiveCfg = Debug|Any CPU
		{D724E4CF-C517-4B9D-B5F7-4A4E9ADD1783}.Debug|ARM.ActiveCfg = Debug|Any CPU
		{D724E4CF-C517-4B9D-B5F7-4A4E9ADD1783}.Debug|Mixed Platforms.ActiveCfg = Debug|Any CPU
		{D724E4CF-C517-4B9D-B5F7-4A4E9ADD1783}.Debug|x86.ActiveCfg = Debug|Any CPU
		{D724E4CF-C517-4B9D-B5F7-4A4E9ADD1783}.Release|Any CPU.ActiveCfg = Release|Any CPU
		{D724E4CF-C517-4B9D-B5F7-4A4E9ADD1783}.Release|ARM.ActiveCfg = Release|Any CPU
		{D724E4CF-C517-4B9D-B5F7-4A4E9ADD1783}.Release|Mixed Platforms.ActiveCfg = Release|Any CPU
		{D724E4CF-C517-4B9D-B5F7-4A4E9ADD1783}.Release|x86.ActiveCfg = Release|Any CPU
		{F9C37D61-2764-42EF-95BF-F17A938E3012}.Debug - FX35|Any CPU.ActiveCfg = FX35|Any CPU
		{F9C37D61-2764-42EF-95BF-F17A938E3012}.Debug - FX35|ARM.ActiveCfg = FX35|Any CPU
		{F9C37D61-2764-42EF-95BF-F17A938E3012}.Debug - FX35|Mixed Platforms.ActiveCfg = FX35|Any CPU
		{F9C37D61-2764-42EF-95BF-F17A938E3012}.Debug - FX35|x86.ActiveCfg = FX35|Any CPU
		{F9C37D61-2764-42EF-95BF-F17A938E3012}.Debug - PCL|Any CPU.ActiveCfg = PCL|Any CPU
		{F9C37D61-2764-42EF-95BF-F17A938E3012}.Debug - PCL|ARM.ActiveCfg = PCL|Any CPU
		{F9C37D61-2764-42EF-95BF-F17A938E3012}.Debug - PCL|Mixed Platforms.ActiveCfg = PCL|Any CPU
		{F9C37D61-2764-42EF-95BF-F17A938E3012}.Debug - PCL|x86.ActiveCfg = PCL|Any CPU
		{F9C37D61-2764-42EF-95BF-F17A938E3012}.Debug|Any CPU.ActiveCfg = Debug|Any CPU
		{F9C37D61-2764-42EF-95BF-F17A938E3012}.Debug|ARM.ActiveCfg = Debug|Any CPU
		{F9C37D61-2764-42EF-95BF-F17A938E3012}.Debug|Mixed Platforms.ActiveCfg = Debug|Any CPU
		{F9C37D61-2764-42EF-95BF-F17A938E3012}.Debug|x86.ActiveCfg = Debug|Any CPU
		{F9C37D61-2764-42EF-95BF-F17A938E3012}.Release|Any CPU.ActiveCfg = Release|Any CPU
		{F9C37D61-2764-42EF-95BF-F17A938E3012}.Release|ARM.ActiveCfg = Release|Any CPU
		{F9C37D61-2764-42EF-95BF-F17A938E3012}.Release|Mixed Platforms.ActiveCfg = Release|Any CPU
		{F9C37D61-2764-42EF-95BF-F17A938E3012}.Release|x86.ActiveCfg = Release|Any CPU
	EndGlobalSection
	GlobalSection(NestedProjects) = preSolution
	EndGlobalSection
	GlobalSection(MonoDevelopProperties) = preSolution
		StartupItem = SimpleRestClient\SimpleRestClient.csproj
	EndGlobalSection
	GlobalSection(SolutionProperties) = preSolution
		HideSolutionNode = FALSE
	EndGlobalSection
	GlobalSection(TestCaseManagementSettings) = postSolution
		CategoryFile = Twilio1.vsmdi
	EndGlobalSection
EndGlobal
