
Microsoft Visual Studio Solution File, Format Version 12.00
# Visual Studio 14
VisualStudioVersion = 14.0.23107.0
MinimumVisualStudioVersion = 10.0.40219.1
Project("{2150E333-8FDC-42A3-9474-1A3956D46DE8}") = "NuGet", "NuGet", "{36CA862C-F8AB-4362-81F0-7B2116AF27FD}"
	ProjectSection(SolutionItems) = preProject
		..\LICENSE.txt = ..\LICENSE.txt
		..\Twilio.Client.nuspec = ..\Twilio.Client.nuspec
		..\Twilio.Lookups.nuspec = ..\Twilio.Lookups.nuspec
		..\Twilio.Mvc.nuspec = ..\Twilio.Mvc.nuspec
		..\Twilio.nuspec = ..\Twilio.nuspec
		..\Twilio.TaskRouter.nuspec = ..\Twilio.TaskRouter.nuspec
		..\Twilio.TwiML.nuspec = ..\Twilio.TwiML.nuspec
		..\Twilio.WebMatrix.nuspec = ..\Twilio.WebMatrix.nuspec
	EndProjectSection
EndProject
Project("{2150E333-8FDC-42A3-9474-1A3956D46DE8}") = ".nuget", ".nuget", "{5B7D8CD8-1ED2-4259-B12B-589DB37E21F7}"
	ProjectSection(SolutionItems) = preProject
		.nuget\NuGet.exe = .nuget\NuGet.exe
		.nuget\NuGet.targets = .nuget\NuGet.targets
	EndProjectSection
EndProject
Project("{2150E333-8FDC-42A3-9474-1A3956D46DE8}") = "Solution Items", "Solution Items", "{6FE9C8DF-946E-4136-8FE0-4EC5520BF57F}"
	ProjectSection(SolutionItems) = preProject
		Local.testsettings = Local.testsettings
		TraceAndTestImpact.testsettings = TraceAndTestImpact.testsettings
		Twilio1.vsmdi = Twilio1.vsmdi
	EndProjectSection
EndProject
Project("{FAE04EC0-301F-11D3-BF4B-00C04F79EFBC}") = "Twilio.Api", "Twilio.Api\Twilio.Api.csproj", "{894FF9E8-4DBF-4472-8AE2-1A6A988E105B}"
EndProject
Project("{FAE04EC0-301F-11D3-BF4B-00C04F79EFBC}") = "Twilio.Api.WindowsPhone", "Twilio.Api.WindowsPhone\Twilio.Api.WindowsPhone.csproj", "{21E25E45-A334-4178-BD5C-5B875A2911FD}"
EndProject
Project("{FAE04EC0-301F-11D3-BF4B-00C04F79EFBC}") = "Twilio.TwiML", "Twilio.Twiml\Twilio.TwiML.csproj", "{D810C485-249B-499D-B5BA-8D6507E11DED}"
EndProject
Project("{FAE04EC0-301F-11D3-BF4B-00C04F79EFBC}") = "Twilio.TwiML.Tests", "Twilio.Twiml.Tests\Twilio.TwiML.Tests.csproj", "{35E6CB68-D17E-4E16-960D-75D638335FAF}"
EndProject
Project("{FAE04EC0-301F-11D3-BF4B-00C04F79EFBC}") = "Twilio.Api.Silverlight", "Twilio.Api.Silverlight\Twilio.Api.Silverlight.csproj", "{08218C33-9EE0-4B7B-874B-83CCEB8FE4DD}"
EndProject
Project("{FAE04EC0-301F-11D3-BF4B-00C04F79EFBC}") = "Twilio.WebMatrix", "Twilio.WebMatrix\Twilio.WebMatrix.csproj", "{D4EC9211-7F9B-45A0-B620-909C02841E60}"
EndProject
Project("{FAE04EC0-301F-11D3-BF4B-00C04F79EFBC}") = "Twilio.Mvc", "Twilio.Mvc\Twilio.Mvc.csproj", "{5D0AFE27-1CBE-4E63-ADBC-A778B598E7B3}"
EndProject
Project("{FAE04EC0-301F-11D3-BF4B-00C04F79EFBC}") = "Twilio.Client.Capability", "Twilio.Client.Capability\Twilio.Client.Capability.csproj", "{238D5C71-D65F-43B5-8C49-7624E6E294C9}"
EndProject
Project("{FAE04EC0-301F-11D3-BF4B-00C04F79EFBC}") = "Twilio.Api.Tests.Integration", "Twilio.Api.Tests.Integration\Twilio.Api.Tests.Integration.csproj", "{2E1A3B46-C072-48E0-92BF-F2901036979F}"
EndProject
Project("{FAE04EC0-301F-11D3-BF4B-00C04F79EFBC}") = "Twilio.TaskRouter", "Twilio.TaskRouter\Twilio.TaskRouter.csproj", "{7CA0FADC-D5B8-4206-887E-776982E8FF48}"
EndProject
Project("{FAE04EC0-301F-11D3-BF4B-00C04F79EFBC}") = "Twilio.TaskRouter.Tests", "Twilio.TaskRouter.Tests\Twilio.TaskRouter.Tests.csproj", "{3877B8E8-7CD6-47A5-999F-D1DFFE55F8F0}"
EndProject
Project("{FAE04EC0-301F-11D3-BF4B-00C04F79EFBC}") = "Twilio.Lookups", "Twilio.Lookups\Twilio.Lookups.csproj", "{DA2D4DF6-C21D-4FD3-95F6-1D3BB4B1DA08}"
EndProject
Project("{FAE04EC0-301F-11D3-BF4B-00C04F79EFBC}") = "Twilio.Lookups.Tests", "Twilio.Lookups.Tests\Twilio.Lookups.Tests.csproj", "{699A86FE-D2B2-4914-B40A-0FCFB13E1D01}"
EndProject
Project("{FAE04EC0-301F-11D3-BF4B-00C04F79EFBC}") = "Twilio.Pricing", "Twilio.Pricing\Twilio.Pricing.csproj", "{A8F4C42E-3010-4A61-B7DD-812B6156FB2D}"
EndProject
Project("{FAE04EC0-301F-11D3-BF4B-00C04F79EFBC}") = "Twilio.Pricing.Tests", "Twilio.Pricing.Tests\Twilio.Pricing.Tests.csproj", "{344D9E42-E00D-41E2-ACBC-D88ECE7ADFAD}"
EndProject
Project("{FAE04EC0-301F-11D3-BF4B-00C04F79EFBC}") = "Twilio.Monitor", "Twilio.Monitor\Twilio.Monitor.csproj", "{4153C752-377E-49F4-9776-10035B1C22ED}"
EndProject
Project("{FAE04EC0-301F-11D3-BF4B-00C04F79EFBC}") = "Twilio.Monitor.Tests", "Twilio.Monitor.Tests\Twilio.Monitor.Tests.csproj", "{BC6454D7-E562-4005-A3FF-F022A065CFB9}"
EndProject
Project("{FAE04EC0-301F-11D3-BF4B-00C04F79EFBC}") = "Twilio.Trunking", "Twilio.Trunking\Twilio.Trunking.csproj", "{4153C752-377E-49F4-9776-10035B1C22EF}"
EndProject
Project("{FAE04EC0-301F-11D3-BF4B-00C04F79EFBC}") = "Twilio.Trunking.Tests", "Twilio.Trunking.Tests\Twilio.Trunking.Tests.csproj", "{BC6454D7-E562-4005-A3FF-F022A065CFB8}"
EndProject
Project("{FAE04EC0-301F-11D3-BF4B-00C04F79EFBC}") = "Twilio.Auth", "Twilio.Auth\Twilio.Auth.csproj", "{3622EBE3-377E-4F74-912E-21700A80F8C1}"
EndProject
Project("{FAE04EC0-301F-11D3-BF4B-00C04F79EFBC}") = "Twilio.Auth.Tests", "Twilio.Auth.Tests\Twilio.Auth.Tests.csproj", "{003425BA-43D1-4FB4-987C-8B5904A98DFA}"
EndProject
Project("{FAE04EC0-301F-11D3-BF4B-00C04F79EFBC}") = "Twilio.IpMessaging", "Twilio.IpMessaging\Twilio.IpMessaging.csproj", "{0A109528-E235-40E9-92A3-579495C2051C}"
EndProject
Project("{FAE04EC0-301F-11D3-BF4B-00C04F79EFBC}") = "Twilio.IpMessaging.Tests", "Twilio.IpMessaging.Tests\Twilio.IpMessaging.Tests.csproj", "{1151E39B-1629-41D6-B3BA-2B6222823BDB}"
EndProject

Global
	GlobalSection(SolutionConfigurationPlatforms) = preSolution
		Debug|Any CPU = Debug|Any CPU
		Debug|ARM = Debug|ARM
		Debug|Mixed Platforms = Debug|Mixed Platforms
		Debug|x86 = Debug|x86
		Default|Any CPU = Default|Any CPU
		Default|ARM = Default|ARM
		Default|Mixed Platforms = Default|Mixed Platforms
		Default|x86 = Default|x86
		Release|Any CPU = Release|Any CPU
		Release|ARM = Release|ARM
		Release|Mixed Platforms = Release|Mixed Platforms
		Release|x86 = Release|x86
		ReleaseWithPackage|Any CPU = ReleaseWithPackage|Any CPU
		ReleaseWithPackage|ARM = ReleaseWithPackage|ARM
		ReleaseWithPackage|Mixed Platforms = ReleaseWithPackage|Mixed Platforms
		ReleaseWithPackage|x86 = ReleaseWithPackage|x86
	EndGlobalSection
	GlobalSection(ProjectConfigurationPlatforms) = postSolution
		{894FF9E8-4DBF-4472-8AE2-1A6A988E105B}.Debug|Any CPU.ActiveCfg = Debug|Any CPU
		{894FF9E8-4DBF-4472-8AE2-1A6A988E105B}.Debug|Any CPU.Build.0 = Debug|Any CPU
		{894FF9E8-4DBF-4472-8AE2-1A6A988E105B}.Debug|ARM.ActiveCfg = Debug|Any CPU
		{894FF9E8-4DBF-4472-8AE2-1A6A988E105B}.Debug|Mixed Platforms.ActiveCfg = Debug|Any CPU
		{894FF9E8-4DBF-4472-8AE2-1A6A988E105B}.Debug|Mixed Platforms.Build.0 = Debug|Any CPU
		{894FF9E8-4DBF-4472-8AE2-1A6A988E105B}.Debug|x86.ActiveCfg = Debug|Any CPU
		{894FF9E8-4DBF-4472-8AE2-1A6A988E105B}.Default|Any CPU.ActiveCfg = Debug|Any CPU
		{894FF9E8-4DBF-4472-8AE2-1A6A988E105B}.Default|Any CPU.Build.0 = Debug|Any CPU
		{894FF9E8-4DBF-4472-8AE2-1A6A988E105B}.Default|ARM.ActiveCfg = Debug|Any CPU
		{894FF9E8-4DBF-4472-8AE2-1A6A988E105B}.Default|Mixed Platforms.ActiveCfg = Debug|Any CPU
		{894FF9E8-4DBF-4472-8AE2-1A6A988E105B}.Default|x86.ActiveCfg = Debug|Any CPU
		{894FF9E8-4DBF-4472-8AE2-1A6A988E105B}.Release|Any CPU.ActiveCfg = Release|Any CPU
		{894FF9E8-4DBF-4472-8AE2-1A6A988E105B}.Release|Any CPU.Build.0 = Release|Any CPU
		{894FF9E8-4DBF-4472-8AE2-1A6A988E105B}.Release|ARM.ActiveCfg = Release|Any CPU
		{894FF9E8-4DBF-4472-8AE2-1A6A988E105B}.Release|Mixed Platforms.ActiveCfg = Release|Any CPU
		{894FF9E8-4DBF-4472-8AE2-1A6A988E105B}.Release|Mixed Platforms.Build.0 = Release|Any CPU
		{894FF9E8-4DBF-4472-8AE2-1A6A988E105B}.Release|x86.ActiveCfg = Release|Any CPU
		{894FF9E8-4DBF-4472-8AE2-1A6A988E105B}.ReleaseWithPackage|Any CPU.ActiveCfg = ReleaseWithPackage|Any CPU
		{894FF9E8-4DBF-4472-8AE2-1A6A988E105B}.ReleaseWithPackage|Any CPU.Build.0 = ReleaseWithPackage|Any CPU
		{894FF9E8-4DBF-4472-8AE2-1A6A988E105B}.ReleaseWithPackage|ARM.ActiveCfg = ReleaseWithPackage|Any CPU
		{894FF9E8-4DBF-4472-8AE2-1A6A988E105B}.ReleaseWithPackage|Mixed Platforms.ActiveCfg = ReleaseWithPackage|Any CPU
		{894FF9E8-4DBF-4472-8AE2-1A6A988E105B}.ReleaseWithPackage|Mixed Platforms.Build.0 = ReleaseWithPackage|Any CPU
		{894FF9E8-4DBF-4472-8AE2-1A6A988E105B}.ReleaseWithPackage|x86.ActiveCfg = ReleaseWithPackage|Any CPU
		{21E25E45-A334-4178-BD5C-5B875A2911FD}.Debug|Any CPU.ActiveCfg = Debug|Any CPU
		{21E25E45-A334-4178-BD5C-5B875A2911FD}.Debug|Any CPU.Build.0 = Debug|Any CPU
		{21E25E45-A334-4178-BD5C-5B875A2911FD}.Debug|ARM.ActiveCfg = Debug|Any CPU
		{21E25E45-A334-4178-BD5C-5B875A2911FD}.Debug|Mixed Platforms.ActiveCfg = Debug|Any CPU
		{21E25E45-A334-4178-BD5C-5B875A2911FD}.Debug|Mixed Platforms.Build.0 = Debug|Any CPU
		{21E25E45-A334-4178-BD5C-5B875A2911FD}.Debug|x86.ActiveCfg = Debug|Any CPU
		{21E25E45-A334-4178-BD5C-5B875A2911FD}.Default|Any CPU.ActiveCfg = Debug|Any CPU
		{21E25E45-A334-4178-BD5C-5B875A2911FD}.Default|Any CPU.Build.0 = Debug|Any CPU
		{21E25E45-A334-4178-BD5C-5B875A2911FD}.Default|ARM.ActiveCfg = Debug|Any CPU
		{21E25E45-A334-4178-BD5C-5B875A2911FD}.Default|Mixed Platforms.ActiveCfg = Debug|Any CPU
		{21E25E45-A334-4178-BD5C-5B875A2911FD}.Default|x86.ActiveCfg = Debug|Any CPU
		{21E25E45-A334-4178-BD5C-5B875A2911FD}.Release|Any CPU.ActiveCfg = Release|Any CPU
		{21E25E45-A334-4178-BD5C-5B875A2911FD}.Release|Any CPU.Build.0 = Release|Any CPU
		{21E25E45-A334-4178-BD5C-5B875A2911FD}.Release|ARM.ActiveCfg = Release|Any CPU
		{21E25E45-A334-4178-BD5C-5B875A2911FD}.Release|Mixed Platforms.ActiveCfg = Release|Any CPU
		{21E25E45-A334-4178-BD5C-5B875A2911FD}.Release|Mixed Platforms.Build.0 = Release|Any CPU
		{21E25E45-A334-4178-BD5C-5B875A2911FD}.Release|x86.ActiveCfg = Release|Any CPU
		{21E25E45-A334-4178-BD5C-5B875A2911FD}.ReleaseWithPackage|Any CPU.ActiveCfg = ReleaseWithPackage|Any CPU
		{21E25E45-A334-4178-BD5C-5B875A2911FD}.ReleaseWithPackage|Any CPU.Build.0 = ReleaseWithPackage|Any CPU
		{21E25E45-A334-4178-BD5C-5B875A2911FD}.ReleaseWithPackage|ARM.ActiveCfg = ReleaseWithPackage|Any CPU
		{21E25E45-A334-4178-BD5C-5B875A2911FD}.ReleaseWithPackage|Mixed Platforms.ActiveCfg = ReleaseWithPackage|Any CPU
		{21E25E45-A334-4178-BD5C-5B875A2911FD}.ReleaseWithPackage|x86.ActiveCfg = ReleaseWithPackage|Any CPU
		{D810C485-249B-499D-B5BA-8D6507E11DED}.Debug|Any CPU.ActiveCfg = Debug|Any CPU
		{D810C485-249B-499D-B5BA-8D6507E11DED}.Debug|Any CPU.Build.0 = Debug|Any CPU
		{D810C485-249B-499D-B5BA-8D6507E11DED}.Debug|ARM.ActiveCfg = Debug|Any CPU
		{D810C485-249B-499D-B5BA-8D6507E11DED}.Debug|Mixed Platforms.ActiveCfg = Debug|Any CPU
		{D810C485-249B-499D-B5BA-8D6507E11DED}.Debug|Mixed Platforms.Build.0 = Debug|Any CPU
		{D810C485-249B-499D-B5BA-8D6507E11DED}.Debug|x86.ActiveCfg = Debug|Any CPU
		{D810C485-249B-499D-B5BA-8D6507E11DED}.Default|Any CPU.ActiveCfg = Debug|Any CPU
		{D810C485-249B-499D-B5BA-8D6507E11DED}.Default|Any CPU.Build.0 = Debug|Any CPU
		{D810C485-249B-499D-B5BA-8D6507E11DED}.Default|ARM.ActiveCfg = Debug|Any CPU
		{D810C485-249B-499D-B5BA-8D6507E11DED}.Default|Mixed Platforms.ActiveCfg = Debug|Any CPU
		{D810C485-249B-499D-B5BA-8D6507E11DED}.Default|x86.ActiveCfg = Debug|Any CPU
		{D810C485-249B-499D-B5BA-8D6507E11DED}.Release|Any CPU.ActiveCfg = Release|Any CPU
		{D810C485-249B-499D-B5BA-8D6507E11DED}.Release|Any CPU.Build.0 = Release|Any CPU
		{D810C485-249B-499D-B5BA-8D6507E11DED}.Release|ARM.ActiveCfg = Release|Any CPU
		{D810C485-249B-499D-B5BA-8D6507E11DED}.Release|Mixed Platforms.ActiveCfg = Release|Any CPU
		{D810C485-249B-499D-B5BA-8D6507E11DED}.Release|Mixed Platforms.Build.0 = Release|Any CPU
		{D810C485-249B-499D-B5BA-8D6507E11DED}.Release|x86.ActiveCfg = Release|Any CPU
		{D810C485-249B-499D-B5BA-8D6507E11DED}.ReleaseWithPackage|Any CPU.ActiveCfg = ReleaseWithPackage|Any CPU
		{D810C485-249B-499D-B5BA-8D6507E11DED}.ReleaseWithPackage|Any CPU.Build.0 = ReleaseWithPackage|Any CPU
		{D810C485-249B-499D-B5BA-8D6507E11DED}.ReleaseWithPackage|ARM.ActiveCfg = ReleaseWithPackage|Any CPU
		{D810C485-249B-499D-B5BA-8D6507E11DED}.ReleaseWithPackage|Mixed Platforms.ActiveCfg = ReleaseWithPackage|Any CPU
		{D810C485-249B-499D-B5BA-8D6507E11DED}.ReleaseWithPackage|Mixed Platforms.Build.0 = ReleaseWithPackage|Any CPU
		{D810C485-249B-499D-B5BA-8D6507E11DED}.ReleaseWithPackage|x86.ActiveCfg = ReleaseWithPackage|Any CPU
		{35E6CB68-D17E-4E16-960D-75D638335FAF}.Debug|Any CPU.ActiveCfg = Debug|Any CPU
		{35E6CB68-D17E-4E16-960D-75D638335FAF}.Debug|Any CPU.Build.0 = Debug|Any CPU
		{35E6CB68-D17E-4E16-960D-75D638335FAF}.Debug|ARM.ActiveCfg = Debug|Any CPU
		{35E6CB68-D17E-4E16-960D-75D638335FAF}.Debug|Mixed Platforms.ActiveCfg = Debug|Any CPU
		{35E6CB68-D17E-4E16-960D-75D638335FAF}.Debug|Mixed Platforms.Build.0 = Debug|Any CPU
		{35E6CB68-D17E-4E16-960D-75D638335FAF}.Debug|x86.ActiveCfg = Debug|Any CPU
		{35E6CB68-D17E-4E16-960D-75D638335FAF}.Default|Any CPU.ActiveCfg = Debug|Any CPU
		{35E6CB68-D17E-4E16-960D-75D638335FAF}.Default|Any CPU.Build.0 = Debug|Any CPU
		{35E6CB68-D17E-4E16-960D-75D638335FAF}.Default|ARM.ActiveCfg = Debug|Any CPU
		{35E6CB68-D17E-4E16-960D-75D638335FAF}.Default|Mixed Platforms.ActiveCfg = Debug|Any CPU
		{35E6CB68-D17E-4E16-960D-75D638335FAF}.Default|x86.ActiveCfg = Debug|Any CPU
		{35E6CB68-D17E-4E16-960D-75D638335FAF}.Release|Any CPU.ActiveCfg = Release|Any CPU
		{35E6CB68-D17E-4E16-960D-75D638335FAF}.Release|Any CPU.Build.0 = Release|Any CPU
		{35E6CB68-D17E-4E16-960D-75D638335FAF}.Release|ARM.ActiveCfg = Release|Any CPU
		{35E6CB68-D17E-4E16-960D-75D638335FAF}.Release|Mixed Platforms.ActiveCfg = Release|Any CPU
		{35E6CB68-D17E-4E16-960D-75D638335FAF}.Release|Mixed Platforms.Build.0 = Release|Any CPU
		{35E6CB68-D17E-4E16-960D-75D638335FAF}.Release|x86.ActiveCfg = Release|Any CPU
		{35E6CB68-D17E-4E16-960D-75D638335FAF}.ReleaseWithPackage|Any CPU.ActiveCfg = ReleaseWithPackage|Any CPU
		{35E6CB68-D17E-4E16-960D-75D638335FAF}.ReleaseWithPackage|Any CPU.Build.0 = ReleaseWithPackage|Any CPU
		{35E6CB68-D17E-4E16-960D-75D638335FAF}.ReleaseWithPackage|ARM.ActiveCfg = ReleaseWithPackage|Any CPU
		{35E6CB68-D17E-4E16-960D-75D638335FAF}.ReleaseWithPackage|Mixed Platforms.ActiveCfg = ReleaseWithPackage|Any CPU
		{35E6CB68-D17E-4E16-960D-75D638335FAF}.ReleaseWithPackage|Mixed Platforms.Build.0 = ReleaseWithPackage|Any CPU
		{35E6CB68-D17E-4E16-960D-75D638335FAF}.ReleaseWithPackage|x86.ActiveCfg = ReleaseWithPackage|Any CPU
		{08218C33-9EE0-4B7B-874B-83CCEB8FE4DD}.Debug|Any CPU.ActiveCfg = Debug|Any CPU
		{08218C33-9EE0-4B7B-874B-83CCEB8FE4DD}.Debug|Any CPU.Build.0 = Debug|Any CPU
		{08218C33-9EE0-4B7B-874B-83CCEB8FE4DD}.Debug|ARM.ActiveCfg = Debug|Any CPU
		{08218C33-9EE0-4B7B-874B-83CCEB8FE4DD}.Debug|Mixed Platforms.ActiveCfg = Debug|Any CPU
		{08218C33-9EE0-4B7B-874B-83CCEB8FE4DD}.Debug|Mixed Platforms.Build.0 = Debug|Any CPU
		{08218C33-9EE0-4B7B-874B-83CCEB8FE4DD}.Debug|x86.ActiveCfg = Debug|Any CPU
		{08218C33-9EE0-4B7B-874B-83CCEB8FE4DD}.Default|Any CPU.ActiveCfg = Debug|Any CPU
		{08218C33-9EE0-4B7B-874B-83CCEB8FE4DD}.Default|Any CPU.Build.0 = Debug|Any CPU
		{08218C33-9EE0-4B7B-874B-83CCEB8FE4DD}.Default|ARM.ActiveCfg = Debug|Any CPU
		{08218C33-9EE0-4B7B-874B-83CCEB8FE4DD}.Default|Mixed Platforms.ActiveCfg = Debug|Any CPU
		{08218C33-9EE0-4B7B-874B-83CCEB8FE4DD}.Default|x86.ActiveCfg = Debug|Any CPU
		{08218C33-9EE0-4B7B-874B-83CCEB8FE4DD}.Release|Any CPU.ActiveCfg = Release|Any CPU
		{08218C33-9EE0-4B7B-874B-83CCEB8FE4DD}.Release|Any CPU.Build.0 = Release|Any CPU
		{08218C33-9EE0-4B7B-874B-83CCEB8FE4DD}.Release|ARM.ActiveCfg = Release|Any CPU
		{08218C33-9EE0-4B7B-874B-83CCEB8FE4DD}.Release|Mixed Platforms.ActiveCfg = Release|Any CPU
		{08218C33-9EE0-4B7B-874B-83CCEB8FE4DD}.Release|Mixed Platforms.Build.0 = Release|Any CPU
		{08218C33-9EE0-4B7B-874B-83CCEB8FE4DD}.Release|x86.ActiveCfg = Release|Any CPU
		{08218C33-9EE0-4B7B-874B-83CCEB8FE4DD}.ReleaseWithPackage|Any CPU.ActiveCfg = ReleaseWithPackage|Any CPU
		{08218C33-9EE0-4B7B-874B-83CCEB8FE4DD}.ReleaseWithPackage|Any CPU.Build.0 = ReleaseWithPackage|Any CPU
		{08218C33-9EE0-4B7B-874B-83CCEB8FE4DD}.ReleaseWithPackage|ARM.ActiveCfg = ReleaseWithPackage|Any CPU
		{08218C33-9EE0-4B7B-874B-83CCEB8FE4DD}.ReleaseWithPackage|Mixed Platforms.ActiveCfg = ReleaseWithPackage|Any CPU
		{08218C33-9EE0-4B7B-874B-83CCEB8FE4DD}.ReleaseWithPackage|Mixed Platforms.Build.0 = ReleaseWithPackage|Any CPU
		{08218C33-9EE0-4B7B-874B-83CCEB8FE4DD}.ReleaseWithPackage|x86.ActiveCfg = ReleaseWithPackage|Any CPU
		{D4EC9211-7F9B-45A0-B620-909C02841E60}.Debug|Any CPU.ActiveCfg = Debug|Any CPU
		{D4EC9211-7F9B-45A0-B620-909C02841E60}.Debug|Any CPU.Build.0 = Debug|Any CPU
		{D4EC9211-7F9B-45A0-B620-909C02841E60}.Debug|ARM.ActiveCfg = Debug|Any CPU
		{D4EC9211-7F9B-45A0-B620-909C02841E60}.Debug|Mixed Platforms.ActiveCfg = Debug|Any CPU
		{D4EC9211-7F9B-45A0-B620-909C02841E60}.Debug|Mixed Platforms.Build.0 = Debug|Any CPU
		{D4EC9211-7F9B-45A0-B620-909C02841E60}.Debug|x86.ActiveCfg = Debug|Any CPU
		{D4EC9211-7F9B-45A0-B620-909C02841E60}.Default|Any CPU.ActiveCfg = Debug|Any CPU
		{D4EC9211-7F9B-45A0-B620-909C02841E60}.Default|Any CPU.Build.0 = Debug|Any CPU
		{D4EC9211-7F9B-45A0-B620-909C02841E60}.Default|ARM.ActiveCfg = Debug|Any CPU
		{D4EC9211-7F9B-45A0-B620-909C02841E60}.Default|Mixed Platforms.ActiveCfg = Debug|Any CPU
		{D4EC9211-7F9B-45A0-B620-909C02841E60}.Default|x86.ActiveCfg = Debug|Any CPU
		{D4EC9211-7F9B-45A0-B620-909C02841E60}.Release|Any CPU.ActiveCfg = Release|Any CPU
		{D4EC9211-7F9B-45A0-B620-909C02841E60}.Release|Any CPU.Build.0 = Release|Any CPU
		{D4EC9211-7F9B-45A0-B620-909C02841E60}.Release|ARM.ActiveCfg = Release|Any CPU
		{D4EC9211-7F9B-45A0-B620-909C02841E60}.Release|Mixed Platforms.ActiveCfg = Release|Any CPU
		{D4EC9211-7F9B-45A0-B620-909C02841E60}.Release|Mixed Platforms.Build.0 = Release|Any CPU
		{D4EC9211-7F9B-45A0-B620-909C02841E60}.Release|x86.ActiveCfg = Release|Any CPU
		{D4EC9211-7F9B-45A0-B620-909C02841E60}.ReleaseWithPackage|Any CPU.ActiveCfg = ReleaseWithPackage|Any CPU
		{D4EC9211-7F9B-45A0-B620-909C02841E60}.ReleaseWithPackage|Any CPU.Build.0 = ReleaseWithPackage|Any CPU
		{D4EC9211-7F9B-45A0-B620-909C02841E60}.ReleaseWithPackage|ARM.ActiveCfg = ReleaseWithPackage|Any CPU
		{D4EC9211-7F9B-45A0-B620-909C02841E60}.ReleaseWithPackage|Mixed Platforms.ActiveCfg = ReleaseWithPackage|Any CPU
		{D4EC9211-7F9B-45A0-B620-909C02841E60}.ReleaseWithPackage|Mixed Platforms.Build.0 = ReleaseWithPackage|Any CPU
		{D4EC9211-7F9B-45A0-B620-909C02841E60}.ReleaseWithPackage|x86.ActiveCfg = ReleaseWithPackage|Any CPU
		{5D0AFE27-1CBE-4E63-ADBC-A778B598E7B3}.Debug|Any CPU.ActiveCfg = Debug|Any CPU
		{5D0AFE27-1CBE-4E63-ADBC-A778B598E7B3}.Debug|Any CPU.Build.0 = Debug|Any CPU
		{5D0AFE27-1CBE-4E63-ADBC-A778B598E7B3}.Debug|ARM.ActiveCfg = Debug|Any CPU
		{5D0AFE27-1CBE-4E63-ADBC-A778B598E7B3}.Debug|Mixed Platforms.ActiveCfg = Debug|Any CPU
		{5D0AFE27-1CBE-4E63-ADBC-A778B598E7B3}.Debug|Mixed Platforms.Build.0 = Debug|Any CPU
		{5D0AFE27-1CBE-4E63-ADBC-A778B598E7B3}.Debug|x86.ActiveCfg = Debug|Any CPU
		{5D0AFE27-1CBE-4E63-ADBC-A778B598E7B3}.Default|Any CPU.ActiveCfg = Debug|Any CPU
		{5D0AFE27-1CBE-4E63-ADBC-A778B598E7B3}.Default|Any CPU.Build.0 = Debug|Any CPU
		{5D0AFE27-1CBE-4E63-ADBC-A778B598E7B3}.Default|ARM.ActiveCfg = Debug|Any CPU
		{5D0AFE27-1CBE-4E63-ADBC-A778B598E7B3}.Default|Mixed Platforms.ActiveCfg = Debug|Any CPU
		{5D0AFE27-1CBE-4E63-ADBC-A778B598E7B3}.Default|x86.ActiveCfg = Debug|Any CPU
		{5D0AFE27-1CBE-4E63-ADBC-A778B598E7B3}.Release|Any CPU.ActiveCfg = Release|Any CPU
		{5D0AFE27-1CBE-4E63-ADBC-A778B598E7B3}.Release|Any CPU.Build.0 = Release|Any CPU
		{5D0AFE27-1CBE-4E63-ADBC-A778B598E7B3}.Release|ARM.ActiveCfg = Release|Any CPU
		{5D0AFE27-1CBE-4E63-ADBC-A778B598E7B3}.Release|Mixed Platforms.ActiveCfg = Release|Any CPU
		{5D0AFE27-1CBE-4E63-ADBC-A778B598E7B3}.Release|Mixed Platforms.Build.0 = Release|Any CPU
		{5D0AFE27-1CBE-4E63-ADBC-A778B598E7B3}.Release|x86.ActiveCfg = Release|Any CPU
		{5D0AFE27-1CBE-4E63-ADBC-A778B598E7B3}.ReleaseWithPackage|Any CPU.ActiveCfg = ReleaseWithPackage|Any CPU
		{5D0AFE27-1CBE-4E63-ADBC-A778B598E7B3}.ReleaseWithPackage|Any CPU.Build.0 = ReleaseWithPackage|Any CPU
		{5D0AFE27-1CBE-4E63-ADBC-A778B598E7B3}.ReleaseWithPackage|ARM.ActiveCfg = ReleaseWithPackage|Any CPU
		{5D0AFE27-1CBE-4E63-ADBC-A778B598E7B3}.ReleaseWithPackage|Mixed Platforms.ActiveCfg = ReleaseWithPackage|Any CPU
		{5D0AFE27-1CBE-4E63-ADBC-A778B598E7B3}.ReleaseWithPackage|Mixed Platforms.Build.0 = ReleaseWithPackage|Any CPU
		{5D0AFE27-1CBE-4E63-ADBC-A778B598E7B3}.ReleaseWithPackage|x86.ActiveCfg = ReleaseWithPackage|Any CPU
		{238D5C71-D65F-43B5-8C49-7624E6E294C9}.Debug|Any CPU.ActiveCfg = Debug|Any CPU
		{238D5C71-D65F-43B5-8C49-7624E6E294C9}.Debug|Any CPU.Build.0 = Debug|Any CPU
		{238D5C71-D65F-43B5-8C49-7624E6E294C9}.Debug|ARM.ActiveCfg = Debug|Any CPU
		{238D5C71-D65F-43B5-8C49-7624E6E294C9}.Debug|Mixed Platforms.ActiveCfg = Debug|Any CPU
		{238D5C71-D65F-43B5-8C49-7624E6E294C9}.Debug|Mixed Platforms.Build.0 = Debug|Any CPU
		{238D5C71-D65F-43B5-8C49-7624E6E294C9}.Debug|x86.ActiveCfg = Debug|Any CPU
		{238D5C71-D65F-43B5-8C49-7624E6E294C9}.Default|Any CPU.ActiveCfg = Debug|Any CPU
		{238D5C71-D65F-43B5-8C49-7624E6E294C9}.Default|Any CPU.Build.0 = Debug|Any CPU
		{238D5C71-D65F-43B5-8C49-7624E6E294C9}.Default|ARM.ActiveCfg = Debug|Any CPU
		{238D5C71-D65F-43B5-8C49-7624E6E294C9}.Default|Mixed Platforms.ActiveCfg = Debug|Any CPU
		{238D5C71-D65F-43B5-8C49-7624E6E294C9}.Default|x86.ActiveCfg = Debug|Any CPU
		{238D5C71-D65F-43B5-8C49-7624E6E294C9}.Release|Any CPU.ActiveCfg = Release|Any CPU
		{238D5C71-D65F-43B5-8C49-7624E6E294C9}.Release|Any CPU.Build.0 = Release|Any CPU
		{238D5C71-D65F-43B5-8C49-7624E6E294C9}.Release|ARM.ActiveCfg = Release|Any CPU
		{238D5C71-D65F-43B5-8C49-7624E6E294C9}.Release|Mixed Platforms.ActiveCfg = Release|Any CPU
		{238D5C71-D65F-43B5-8C49-7624E6E294C9}.Release|Mixed Platforms.Build.0 = Release|Any CPU
		{238D5C71-D65F-43B5-8C49-7624E6E294C9}.Release|x86.ActiveCfg = Release|Any CPU
		{238D5C71-D65F-43B5-8C49-7624E6E294C9}.ReleaseWithPackage|Any CPU.ActiveCfg = ReleaseWithPackage|Any CPU
		{238D5C71-D65F-43B5-8C49-7624E6E294C9}.ReleaseWithPackage|Any CPU.Build.0 = ReleaseWithPackage|Any CPU
		{238D5C71-D65F-43B5-8C49-7624E6E294C9}.ReleaseWithPackage|ARM.ActiveCfg = ReleaseWithPackage|Any CPU
		{238D5C71-D65F-43B5-8C49-7624E6E294C9}.ReleaseWithPackage|Mixed Platforms.ActiveCfg = ReleaseWithPackage|Any CPU
		{238D5C71-D65F-43B5-8C49-7624E6E294C9}.ReleaseWithPackage|Mixed Platforms.Build.0 = ReleaseWithPackage|Any CPU
		{238D5C71-D65F-43B5-8C49-7624E6E294C9}.ReleaseWithPackage|x86.ActiveCfg = ReleaseWithPackage|Any CPU
		{2E1A3B46-C072-48E0-92BF-F2901036979F}.Debug|Any CPU.ActiveCfg = Debug|Any CPU
		{2E1A3B46-C072-48E0-92BF-F2901036979F}.Debug|Any CPU.Build.0 = Debug|Any CPU
		{2E1A3B46-C072-48E0-92BF-F2901036979F}.Debug|ARM.ActiveCfg = Debug|Any CPU
		{2E1A3B46-C072-48E0-92BF-F2901036979F}.Debug|Mixed Platforms.ActiveCfg = Debug|Any CPU
		{2E1A3B46-C072-48E0-92BF-F2901036979F}.Debug|Mixed Platforms.Build.0 = Debug|Any CPU
		{2E1A3B46-C072-48E0-92BF-F2901036979F}.Debug|x86.ActiveCfg = Debug|Any CPU
		{2E1A3B46-C072-48E0-92BF-F2901036979F}.Default|Any CPU.ActiveCfg = Debug|Any CPU
		{2E1A3B46-C072-48E0-92BF-F2901036979F}.Default|Any CPU.Build.0 = Debug|Any CPU
		{2E1A3B46-C072-48E0-92BF-F2901036979F}.Default|ARM.ActiveCfg = Debug|Any CPU
		{2E1A3B46-C072-48E0-92BF-F2901036979F}.Default|Mixed Platforms.ActiveCfg = Debug|Any CPU
		{2E1A3B46-C072-48E0-92BF-F2901036979F}.Default|x86.ActiveCfg = Debug|Any CPU
		{2E1A3B46-C072-48E0-92BF-F2901036979F}.Release|Any CPU.ActiveCfg = Release|Any CPU
		{2E1A3B46-C072-48E0-92BF-F2901036979F}.Release|Any CPU.Build.0 = Release|Any CPU
		{2E1A3B46-C072-48E0-92BF-F2901036979F}.Release|ARM.ActiveCfg = Release|Any CPU
		{2E1A3B46-C072-48E0-92BF-F2901036979F}.Release|Mixed Platforms.ActiveCfg = Release|Any CPU
		{2E1A3B46-C072-48E0-92BF-F2901036979F}.Release|Mixed Platforms.Build.0 = Release|Any CPU
		{2E1A3B46-C072-48E0-92BF-F2901036979F}.Release|x86.ActiveCfg = Release|Any CPU
		{2E1A3B46-C072-48E0-92BF-F2901036979F}.ReleaseWithPackage|Any CPU.ActiveCfg = Release|Any CPU
		{2E1A3B46-C072-48E0-92BF-F2901036979F}.ReleaseWithPackage|Any CPU.Build.0 = Release|Any CPU
		{2E1A3B46-C072-48E0-92BF-F2901036979F}.ReleaseWithPackage|ARM.ActiveCfg = Release|Any CPU
		{2E1A3B46-C072-48E0-92BF-F2901036979F}.ReleaseWithPackage|Mixed Platforms.ActiveCfg = Release|Any CPU
		{2E1A3B46-C072-48E0-92BF-F2901036979F}.ReleaseWithPackage|Mixed Platforms.Build.0 = Release|Any CPU
		{2E1A3B46-C072-48E0-92BF-F2901036979F}.ReleaseWithPackage|x86.ActiveCfg = Release|Any CPU
		{7CA0FADC-D5B8-4206-887E-776982E8FF48}.Debug|Any CPU.ActiveCfg = Debug|Any CPU
		{7CA0FADC-D5B8-4206-887E-776982E8FF48}.Debug|Any CPU.Build.0 = Debug|Any CPU
		{7CA0FADC-D5B8-4206-887E-776982E8FF48}.Debug|ARM.ActiveCfg = Debug|Any CPU
		{7CA0FADC-D5B8-4206-887E-776982E8FF48}.Debug|Mixed Platforms.ActiveCfg = Debug|Any CPU
		{7CA0FADC-D5B8-4206-887E-776982E8FF48}.Debug|Mixed Platforms.Build.0 = Debug|Any CPU
		{7CA0FADC-D5B8-4206-887E-776982E8FF48}.Debug|x86.ActiveCfg = Debug|Any CPU
		{7CA0FADC-D5B8-4206-887E-776982E8FF48}.Default|Any CPU.ActiveCfg = Debug|Any CPU
		{7CA0FADC-D5B8-4206-887E-776982E8FF48}.Default|Any CPU.Build.0 = Debug|Any CPU
		{7CA0FADC-D5B8-4206-887E-776982E8FF48}.Default|ARM.ActiveCfg = Debug|Any CPU
		{7CA0FADC-D5B8-4206-887E-776982E8FF48}.Default|Mixed Platforms.ActiveCfg = Debug|Any CPU
		{7CA0FADC-D5B8-4206-887E-776982E8FF48}.Default|Mixed Platforms.Build.0 = Debug|Any CPU
		{7CA0FADC-D5B8-4206-887E-776982E8FF48}.Default|x86.ActiveCfg = Debug|Any CPU
		{7CA0FADC-D5B8-4206-887E-776982E8FF48}.Release|Any CPU.ActiveCfg = Release|Any CPU
		{7CA0FADC-D5B8-4206-887E-776982E8FF48}.Release|Any CPU.Build.0 = Release|Any CPU
		{7CA0FADC-D5B8-4206-887E-776982E8FF48}.Release|ARM.ActiveCfg = Release|Any CPU
		{7CA0FADC-D5B8-4206-887E-776982E8FF48}.Release|Mixed Platforms.ActiveCfg = Release|Any CPU
		{7CA0FADC-D5B8-4206-887E-776982E8FF48}.Release|Mixed Platforms.Build.0 = Release|Any CPU
		{7CA0FADC-D5B8-4206-887E-776982E8FF48}.Release|x86.ActiveCfg = Release|Any CPU
		{7CA0FADC-D5B8-4206-887E-776982E8FF48}.ReleaseWithPackage|Any CPU.ActiveCfg = Release|Any CPU
		{7CA0FADC-D5B8-4206-887E-776982E8FF48}.ReleaseWithPackage|Any CPU.Build.0 = Release|Any CPU
		{7CA0FADC-D5B8-4206-887E-776982E8FF48}.ReleaseWithPackage|ARM.ActiveCfg = Release|Any CPU
		{7CA0FADC-D5B8-4206-887E-776982E8FF48}.ReleaseWithPackage|Mixed Platforms.ActiveCfg = Release|Any CPU
		{7CA0FADC-D5B8-4206-887E-776982E8FF48}.ReleaseWithPackage|Mixed Platforms.Build.0 = Release|Any CPU
		{7CA0FADC-D5B8-4206-887E-776982E8FF48}.ReleaseWithPackage|x86.ActiveCfg = Release|Any CPU
		{3877B8E8-7CD6-47A5-999F-D1DFFE55F8F0}.Debug|Any CPU.ActiveCfg = Debug|Any CPU
		{3877B8E8-7CD6-47A5-999F-D1DFFE55F8F0}.Debug|Any CPU.Build.0 = Debug|Any CPU
		{3877B8E8-7CD6-47A5-999F-D1DFFE55F8F0}.Debug|ARM.ActiveCfg = Debug|Any CPU
		{3877B8E8-7CD6-47A5-999F-D1DFFE55F8F0}.Debug|Mixed Platforms.ActiveCfg = Debug|Any CPU
		{3877B8E8-7CD6-47A5-999F-D1DFFE55F8F0}.Debug|Mixed Platforms.Build.0 = Debug|Any CPU
		{3877B8E8-7CD6-47A5-999F-D1DFFE55F8F0}.Debug|x86.ActiveCfg = Debug|Any CPU
		{3877B8E8-7CD6-47A5-999F-D1DFFE55F8F0}.Default|Any CPU.ActiveCfg = Debug|Any CPU
		{3877B8E8-7CD6-47A5-999F-D1DFFE55F8F0}.Default|Any CPU.Build.0 = Debug|Any CPU
		{3877B8E8-7CD6-47A5-999F-D1DFFE55F8F0}.Default|ARM.ActiveCfg = Debug|Any CPU
		{3877B8E8-7CD6-47A5-999F-D1DFFE55F8F0}.Default|Mixed Platforms.ActiveCfg = Debug|Any CPU
		{3877B8E8-7CD6-47A5-999F-D1DFFE55F8F0}.Default|Mixed Platforms.Build.0 = Debug|Any CPU
		{3877B8E8-7CD6-47A5-999F-D1DFFE55F8F0}.Default|x86.ActiveCfg = Debug|Any CPU
		{3877B8E8-7CD6-47A5-999F-D1DFFE55F8F0}.Release|Any CPU.ActiveCfg = Release|Any CPU
		{3877B8E8-7CD6-47A5-999F-D1DFFE55F8F0}.Release|Any CPU.Build.0 = Release|Any CPU
		{3877B8E8-7CD6-47A5-999F-D1DFFE55F8F0}.Release|ARM.ActiveCfg = Release|Any CPU
		{3877B8E8-7CD6-47A5-999F-D1DFFE55F8F0}.Release|Mixed Platforms.ActiveCfg = Release|Any CPU
		{3877B8E8-7CD6-47A5-999F-D1DFFE55F8F0}.Release|Mixed Platforms.Build.0 = Release|Any CPU
		{3877B8E8-7CD6-47A5-999F-D1DFFE55F8F0}.Release|x86.ActiveCfg = Release|Any CPU
		{3877B8E8-7CD6-47A5-999F-D1DFFE55F8F0}.ReleaseWithPackage|Any CPU.ActiveCfg = Release|Any CPU
		{3877B8E8-7CD6-47A5-999F-D1DFFE55F8F0}.ReleaseWithPackage|Any CPU.Build.0 = Release|Any CPU
		{3877B8E8-7CD6-47A5-999F-D1DFFE55F8F0}.ReleaseWithPackage|ARM.ActiveCfg = Release|Any CPU
		{3877B8E8-7CD6-47A5-999F-D1DFFE55F8F0}.ReleaseWithPackage|Mixed Platforms.ActiveCfg = Release|Any CPU
		{3877B8E8-7CD6-47A5-999F-D1DFFE55F8F0}.ReleaseWithPackage|Mixed Platforms.Build.0 = Release|Any CPU
		{3877B8E8-7CD6-47A5-999F-D1DFFE55F8F0}.ReleaseWithPackage|x86.ActiveCfg = Release|Any CPU
		{DA2D4DF6-C21D-4FD3-95F6-1D3BB4B1DA08}.Debug|Any CPU.ActiveCfg = Debug|Any CPU
		{DA2D4DF6-C21D-4FD3-95F6-1D3BB4B1DA08}.Debug|Any CPU.Build.0 = Debug|Any CPU
		{DA2D4DF6-C21D-4FD3-95F6-1D3BB4B1DA08}.Debug|ARM.ActiveCfg = Debug|Any CPU
		{DA2D4DF6-C21D-4FD3-95F6-1D3BB4B1DA08}.Debug|Mixed Platforms.ActiveCfg = Debug|Any CPU
		{DA2D4DF6-C21D-4FD3-95F6-1D3BB4B1DA08}.Debug|Mixed Platforms.Build.0 = Debug|Any CPU
		{DA2D4DF6-C21D-4FD3-95F6-1D3BB4B1DA08}.Debug|x86.ActiveCfg = Debug|Any CPU
		{DA2D4DF6-C21D-4FD3-95F6-1D3BB4B1DA08}.Default|Any CPU.ActiveCfg = Debug|Any CPU
		{DA2D4DF6-C21D-4FD3-95F6-1D3BB4B1DA08}.Default|Any CPU.Build.0 = Debug|Any CPU
		{DA2D4DF6-C21D-4FD3-95F6-1D3BB4B1DA08}.Default|ARM.ActiveCfg = Debug|Any CPU
		{DA2D4DF6-C21D-4FD3-95F6-1D3BB4B1DA08}.Default|Mixed Platforms.ActiveCfg = Debug|Any CPU
		{DA2D4DF6-C21D-4FD3-95F6-1D3BB4B1DA08}.Default|Mixed Platforms.Build.0 = Debug|Any CPU
		{DA2D4DF6-C21D-4FD3-95F6-1D3BB4B1DA08}.Default|x86.ActiveCfg = Debug|Any CPU
		{DA2D4DF6-C21D-4FD3-95F6-1D3BB4B1DA08}.Release|Any CPU.ActiveCfg = Release|Any CPU
		{DA2D4DF6-C21D-4FD3-95F6-1D3BB4B1DA08}.Release|Any CPU.Build.0 = Release|Any CPU
		{DA2D4DF6-C21D-4FD3-95F6-1D3BB4B1DA08}.Release|ARM.ActiveCfg = Release|Any CPU
		{DA2D4DF6-C21D-4FD3-95F6-1D3BB4B1DA08}.Release|Mixed Platforms.ActiveCfg = Release|Any CPU
		{DA2D4DF6-C21D-4FD3-95F6-1D3BB4B1DA08}.Release|Mixed Platforms.Build.0 = Release|Any CPU
		{DA2D4DF6-C21D-4FD3-95F6-1D3BB4B1DA08}.Release|x86.ActiveCfg = Release|Any CPU
		{DA2D4DF6-C21D-4FD3-95F6-1D3BB4B1DA08}.ReleaseWithPackage|Any CPU.ActiveCfg = Release|Any CPU
		{DA2D4DF6-C21D-4FD3-95F6-1D3BB4B1DA08}.ReleaseWithPackage|Any CPU.Build.0 = Release|Any CPU
		{DA2D4DF6-C21D-4FD3-95F6-1D3BB4B1DA08}.ReleaseWithPackage|ARM.ActiveCfg = Release|Any CPU
		{DA2D4DF6-C21D-4FD3-95F6-1D3BB4B1DA08}.ReleaseWithPackage|Mixed Platforms.ActiveCfg = Release|Any CPU
		{DA2D4DF6-C21D-4FD3-95F6-1D3BB4B1DA08}.ReleaseWithPackage|Mixed Platforms.Build.0 = Release|Any CPU
		{DA2D4DF6-C21D-4FD3-95F6-1D3BB4B1DA08}.ReleaseWithPackage|x86.ActiveCfg = Release|Any CPU
		{699A86FE-D2B2-4914-B40A-0FCFB13E1D01}.Debug|Any CPU.ActiveCfg = Debug|Any CPU
		{699A86FE-D2B2-4914-B40A-0FCFB13E1D01}.Debug|Any CPU.Build.0 = Debug|Any CPU
		{699A86FE-D2B2-4914-B40A-0FCFB13E1D01}.Debug|ARM.ActiveCfg = Debug|Any CPU
		{699A86FE-D2B2-4914-B40A-0FCFB13E1D01}.Debug|Mixed Platforms.ActiveCfg = Debug|Any CPU
		{699A86FE-D2B2-4914-B40A-0FCFB13E1D01}.Debug|Mixed Platforms.Build.0 = Debug|Any CPU
		{699A86FE-D2B2-4914-B40A-0FCFB13E1D01}.Debug|x86.ActiveCfg = Debug|Any CPU
		{699A86FE-D2B2-4914-B40A-0FCFB13E1D01}.Default|Any CPU.ActiveCfg = Debug|Any CPU
		{699A86FE-D2B2-4914-B40A-0FCFB13E1D01}.Default|Any CPU.Build.0 = Debug|Any CPU
		{699A86FE-D2B2-4914-B40A-0FCFB13E1D01}.Default|ARM.ActiveCfg = Debug|Any CPU
		{699A86FE-D2B2-4914-B40A-0FCFB13E1D01}.Default|Mixed Platforms.ActiveCfg = Debug|Any CPU
		{699A86FE-D2B2-4914-B40A-0FCFB13E1D01}.Default|Mixed Platforms.Build.0 = Debug|Any CPU
		{699A86FE-D2B2-4914-B40A-0FCFB13E1D01}.Default|x86.ActiveCfg = Debug|Any CPU
		{699A86FE-D2B2-4914-B40A-0FCFB13E1D01}.Release|Any CPU.ActiveCfg = Release|Any CPU
		{699A86FE-D2B2-4914-B40A-0FCFB13E1D01}.Release|Any CPU.Build.0 = Release|Any CPU
		{699A86FE-D2B2-4914-B40A-0FCFB13E1D01}.Release|ARM.ActiveCfg = Release|Any CPU
		{699A86FE-D2B2-4914-B40A-0FCFB13E1D01}.Release|Mixed Platforms.ActiveCfg = Release|Any CPU
		{699A86FE-D2B2-4914-B40A-0FCFB13E1D01}.Release|Mixed Platforms.Build.0 = Release|Any CPU
		{699A86FE-D2B2-4914-B40A-0FCFB13E1D01}.Release|x86.ActiveCfg = Release|Any CPU
		{699A86FE-D2B2-4914-B40A-0FCFB13E1D01}.ReleaseWithPackage|Any CPU.ActiveCfg = Release|Any CPU
		{699A86FE-D2B2-4914-B40A-0FCFB13E1D01}.ReleaseWithPackage|Any CPU.Build.0 = Release|Any CPU
		{699A86FE-D2B2-4914-B40A-0FCFB13E1D01}.ReleaseWithPackage|ARM.ActiveCfg = Release|Any CPU
		{699A86FE-D2B2-4914-B40A-0FCFB13E1D01}.ReleaseWithPackage|Mixed Platforms.ActiveCfg = Release|Any CPU
		{699A86FE-D2B2-4914-B40A-0FCFB13E1D01}.ReleaseWithPackage|Mixed Platforms.Build.0 = Release|Any CPU
		{699A86FE-D2B2-4914-B40A-0FCFB13E1D01}.ReleaseWithPackage|x86.ActiveCfg = Release|Any CPU
		{A8F4C42E-3010-4A61-B7DD-812B6156FB2D}.Debug|Any CPU.ActiveCfg = Debug|Any CPU
		{A8F4C42E-3010-4A61-B7DD-812B6156FB2D}.Debug|Any CPU.Build.0 = Debug|Any CPU
		{A8F4C42E-3010-4A61-B7DD-812B6156FB2D}.Debug|ARM.ActiveCfg = Debug|Any CPU
		{A8F4C42E-3010-4A61-B7DD-812B6156FB2D}.Debug|ARM.Build.0 = Debug|Any CPU
		{A8F4C42E-3010-4A61-B7DD-812B6156FB2D}.Debug|Mixed Platforms.ActiveCfg = Debug|Any CPU
		{A8F4C42E-3010-4A61-B7DD-812B6156FB2D}.Debug|Mixed Platforms.Build.0 = Debug|Any CPU
		{A8F4C42E-3010-4A61-B7DD-812B6156FB2D}.Debug|x86.ActiveCfg = Debug|Any CPU
		{A8F4C42E-3010-4A61-B7DD-812B6156FB2D}.Debug|x86.Build.0 = Debug|Any CPU
		{A8F4C42E-3010-4A61-B7DD-812B6156FB2D}.Default|Any CPU.ActiveCfg = Debug|Any CPU
		{A8F4C42E-3010-4A61-B7DD-812B6156FB2D}.Default|Any CPU.Build.0 = Debug|Any CPU
		{A8F4C42E-3010-4A61-B7DD-812B6156FB2D}.Default|ARM.ActiveCfg = Debug|Any CPU
		{A8F4C42E-3010-4A61-B7DD-812B6156FB2D}.Default|ARM.Build.0 = Debug|Any CPU
		{A8F4C42E-3010-4A61-B7DD-812B6156FB2D}.Default|Mixed Platforms.ActiveCfg = Debug|Any CPU
		{A8F4C42E-3010-4A61-B7DD-812B6156FB2D}.Default|Mixed Platforms.Build.0 = Debug|Any CPU
		{A8F4C42E-3010-4A61-B7DD-812B6156FB2D}.Default|x86.ActiveCfg = Debug|Any CPU
		{A8F4C42E-3010-4A61-B7DD-812B6156FB2D}.Default|x86.Build.0 = Debug|Any CPU
		{A8F4C42E-3010-4A61-B7DD-812B6156FB2D}.Release|Any CPU.ActiveCfg = Release|Any CPU
		{A8F4C42E-3010-4A61-B7DD-812B6156FB2D}.Release|Any CPU.Build.0 = Release|Any CPU
		{A8F4C42E-3010-4A61-B7DD-812B6156FB2D}.Release|ARM.ActiveCfg = Release|Any CPU
		{A8F4C42E-3010-4A61-B7DD-812B6156FB2D}.Release|ARM.Build.0 = Release|Any CPU
		{A8F4C42E-3010-4A61-B7DD-812B6156FB2D}.Release|Mixed Platforms.ActiveCfg = Release|Any CPU
		{A8F4C42E-3010-4A61-B7DD-812B6156FB2D}.Release|Mixed Platforms.Build.0 = Release|Any CPU
		{A8F4C42E-3010-4A61-B7DD-812B6156FB2D}.Release|x86.ActiveCfg = Release|Any CPU
		{A8F4C42E-3010-4A61-B7DD-812B6156FB2D}.Release|x86.Build.0 = Release|Any CPU
		{A8F4C42E-3010-4A61-B7DD-812B6156FB2D}.ReleaseWithPackage|Any CPU.ActiveCfg = Release|Any CPU
		{A8F4C42E-3010-4A61-B7DD-812B6156FB2D}.ReleaseWithPackage|Any CPU.Build.0 = Release|Any CPU
		{A8F4C42E-3010-4A61-B7DD-812B6156FB2D}.ReleaseWithPackage|ARM.ActiveCfg = Release|Any CPU
		{A8F4C42E-3010-4A61-B7DD-812B6156FB2D}.ReleaseWithPackage|ARM.Build.0 = Release|Any CPU
		{A8F4C42E-3010-4A61-B7DD-812B6156FB2D}.ReleaseWithPackage|Mixed Platforms.ActiveCfg = Release|Any CPU
		{A8F4C42E-3010-4A61-B7DD-812B6156FB2D}.ReleaseWithPackage|Mixed Platforms.Build.0 = Release|Any CPU
		{A8F4C42E-3010-4A61-B7DD-812B6156FB2D}.ReleaseWithPackage|x86.ActiveCfg = Release|Any CPU
		{A8F4C42E-3010-4A61-B7DD-812B6156FB2D}.ReleaseWithPackage|x86.Build.0 = Release|Any CPU
		{344D9E42-E00D-41E2-ACBC-D88ECE7ADFAD}.Debug|Any CPU.ActiveCfg = Debug|Any CPU
		{344D9E42-E00D-41E2-ACBC-D88ECE7ADFAD}.Debug|Any CPU.Build.0 = Debug|Any CPU
		{344D9E42-E00D-41E2-ACBC-D88ECE7ADFAD}.Debug|ARM.ActiveCfg = Debug|Any CPU
		{344D9E42-E00D-41E2-ACBC-D88ECE7ADFAD}.Debug|ARM.Build.0 = Debug|Any CPU
		{344D9E42-E00D-41E2-ACBC-D88ECE7ADFAD}.Debug|Mixed Platforms.ActiveCfg = Debug|Any CPU
		{344D9E42-E00D-41E2-ACBC-D88ECE7ADFAD}.Debug|Mixed Platforms.Build.0 = Debug|Any CPU
		{344D9E42-E00D-41E2-ACBC-D88ECE7ADFAD}.Debug|x86.ActiveCfg = Debug|Any CPU
		{344D9E42-E00D-41E2-ACBC-D88ECE7ADFAD}.Debug|x86.Build.0 = Debug|Any CPU
		{344D9E42-E00D-41E2-ACBC-D88ECE7ADFAD}.Default|Any CPU.ActiveCfg = Debug|Any CPU
		{344D9E42-E00D-41E2-ACBC-D88ECE7ADFAD}.Default|Any CPU.Build.0 = Debug|Any CPU
		{344D9E42-E00D-41E2-ACBC-D88ECE7ADFAD}.Default|ARM.ActiveCfg = Debug|Any CPU
		{344D9E42-E00D-41E2-ACBC-D88ECE7ADFAD}.Default|ARM.Build.0 = Debug|Any CPU
		{344D9E42-E00D-41E2-ACBC-D88ECE7ADFAD}.Default|Mixed Platforms.ActiveCfg = Debug|Any CPU
		{344D9E42-E00D-41E2-ACBC-D88ECE7ADFAD}.Default|Mixed Platforms.Build.0 = Debug|Any CPU
		{344D9E42-E00D-41E2-ACBC-D88ECE7ADFAD}.Default|x86.ActiveCfg = Debug|Any CPU
		{344D9E42-E00D-41E2-ACBC-D88ECE7ADFAD}.Default|x86.Build.0 = Debug|Any CPU
		{344D9E42-E00D-41E2-ACBC-D88ECE7ADFAD}.Release|Any CPU.ActiveCfg = Release|Any CPU
		{344D9E42-E00D-41E2-ACBC-D88ECE7ADFAD}.Release|Any CPU.Build.0 = Release|Any CPU
		{344D9E42-E00D-41E2-ACBC-D88ECE7ADFAD}.Release|ARM.ActiveCfg = Release|Any CPU
		{344D9E42-E00D-41E2-ACBC-D88ECE7ADFAD}.Release|ARM.Build.0 = Release|Any CPU
		{344D9E42-E00D-41E2-ACBC-D88ECE7ADFAD}.Release|Mixed Platforms.ActiveCfg = Release|Any CPU
		{344D9E42-E00D-41E2-ACBC-D88ECE7ADFAD}.Release|Mixed Platforms.Build.0 = Release|Any CPU
		{344D9E42-E00D-41E2-ACBC-D88ECE7ADFAD}.Release|x86.ActiveCfg = Release|Any CPU
		{344D9E42-E00D-41E2-ACBC-D88ECE7ADFAD}.Release|x86.Build.0 = Release|Any CPU
		{344D9E42-E00D-41E2-ACBC-D88ECE7ADFAD}.ReleaseWithPackage|Any CPU.ActiveCfg = Release|Any CPU
		{344D9E42-E00D-41E2-ACBC-D88ECE7ADFAD}.ReleaseWithPackage|Any CPU.Build.0 = Release|Any CPU
		{344D9E42-E00D-41E2-ACBC-D88ECE7ADFAD}.ReleaseWithPackage|ARM.ActiveCfg = Release|Any CPU
		{344D9E42-E00D-41E2-ACBC-D88ECE7ADFAD}.ReleaseWithPackage|ARM.Build.0 = Release|Any CPU
		{344D9E42-E00D-41E2-ACBC-D88ECE7ADFAD}.ReleaseWithPackage|Mixed Platforms.ActiveCfg = Release|Any CPU
		{344D9E42-E00D-41E2-ACBC-D88ECE7ADFAD}.ReleaseWithPackage|Mixed Platforms.Build.0 = Release|Any CPU
		{344D9E42-E00D-41E2-ACBC-D88ECE7ADFAD}.ReleaseWithPackage|x86.ActiveCfg = Release|Any CPU
		{344D9E42-E00D-41E2-ACBC-D88ECE7ADFAD}.ReleaseWithPackage|x86.Build.0 = Release|Any CPU
		{4153C752-377E-49F4-9776-10035B1C22ED}.Debug|Any CPU.ActiveCfg = Debug|Any CPU
		{4153C752-377E-49F4-9776-10035B1C22ED}.Debug|Any CPU.Build.0 = Debug|Any CPU
		{4153C752-377E-49F4-9776-10035B1C22ED}.Debug|ARM.ActiveCfg = Debug|Any CPU
		{4153C752-377E-49F4-9776-10035B1C22ED}.Debug|ARM.Build.0 = Debug|Any CPU
		{4153C752-377E-49F4-9776-10035B1C22ED}.Debug|Mixed Platforms.ActiveCfg = Debug|Any CPU
		{4153C752-377E-49F4-9776-10035B1C22ED}.Debug|Mixed Platforms.Build.0 = Debug|Any CPU
		{4153C752-377E-49F4-9776-10035B1C22ED}.Debug|x86.ActiveCfg = Debug|Any CPU
		{4153C752-377E-49F4-9776-10035B1C22ED}.Debug|x86.Build.0 = Debug|Any CPU
		{4153C752-377E-49F4-9776-10035B1C22ED}.Default|Any CPU.ActiveCfg = Debug|Any CPU
		{4153C752-377E-49F4-9776-10035B1C22ED}.Default|Any CPU.Build.0 = Debug|Any CPU
		{4153C752-377E-49F4-9776-10035B1C22ED}.Default|ARM.ActiveCfg = Debug|Any CPU
		{4153C752-377E-49F4-9776-10035B1C22ED}.Default|ARM.Build.0 = Debug|Any CPU
		{4153C752-377E-49F4-9776-10035B1C22ED}.Default|Mixed Platforms.ActiveCfg = Debug|Any CPU
		{4153C752-377E-49F4-9776-10035B1C22ED}.Default|Mixed Platforms.Build.0 = Debug|Any CPU
		{4153C752-377E-49F4-9776-10035B1C22ED}.Default|x86.ActiveCfg = Debug|Any CPU
		{4153C752-377E-49F4-9776-10035B1C22ED}.Default|x86.Build.0 = Debug|Any CPU
		{4153C752-377E-49F4-9776-10035B1C22ED}.Release|Any CPU.ActiveCfg = Release|Any CPU
		{4153C752-377E-49F4-9776-10035B1C22ED}.Release|Any CPU.Build.0 = Release|Any CPU
		{4153C752-377E-49F4-9776-10035B1C22ED}.Release|ARM.ActiveCfg = Release|Any CPU
		{4153C752-377E-49F4-9776-10035B1C22ED}.Release|ARM.Build.0 = Release|Any CPU
		{4153C752-377E-49F4-9776-10035B1C22ED}.Release|Mixed Platforms.ActiveCfg = Release|Any CPU
		{4153C752-377E-49F4-9776-10035B1C22ED}.Release|Mixed Platforms.Build.0 = Release|Any CPU
		{4153C752-377E-49F4-9776-10035B1C22ED}.Release|x86.ActiveCfg = Release|Any CPU
		{4153C752-377E-49F4-9776-10035B1C22ED}.Release|x86.Build.0 = Release|Any CPU
		{4153C752-377E-49F4-9776-10035B1C22ED}.ReleaseWithPackage|Any CPU.ActiveCfg = Release|Any CPU
		{4153C752-377E-49F4-9776-10035B1C22ED}.ReleaseWithPackage|Any CPU.Build.0 = Release|Any CPU
		{4153C752-377E-49F4-9776-10035B1C22ED}.ReleaseWithPackage|ARM.ActiveCfg = Release|Any CPU
		{4153C752-377E-49F4-9776-10035B1C22ED}.ReleaseWithPackage|ARM.Build.0 = Release|Any CPU
		{4153C752-377E-49F4-9776-10035B1C22ED}.ReleaseWithPackage|Mixed Platforms.ActiveCfg = Release|Any CPU
		{4153C752-377E-49F4-9776-10035B1C22ED}.ReleaseWithPackage|Mixed Platforms.Build.0 = Release|Any CPU
		{4153C752-377E-49F4-9776-10035B1C22ED}.ReleaseWithPackage|x86.ActiveCfg = Release|Any CPU
		{4153C752-377E-49F4-9776-10035B1C22ED}.ReleaseWithPackage|x86.Build.0 = Release|Any CPU
		{BC6454D7-E562-4005-A3FF-F022A065CFB9}.Debug|Any CPU.ActiveCfg = Debug|Any CPU
		{BC6454D7-E562-4005-A3FF-F022A065CFB9}.Debug|Any CPU.Build.0 = Debug|Any CPU
		{BC6454D7-E562-4005-A3FF-F022A065CFB9}.Debug|ARM.ActiveCfg = Debug|Any CPU
		{BC6454D7-E562-4005-A3FF-F022A065CFB9}.Debug|ARM.Build.0 = Debug|Any CPU
		{BC6454D7-E562-4005-A3FF-F022A065CFB9}.Debug|Mixed Platforms.ActiveCfg = Debug|Any CPU
		{BC6454D7-E562-4005-A3FF-F022A065CFB9}.Debug|Mixed Platforms.Build.0 = Debug|Any CPU
		{BC6454D7-E562-4005-A3FF-F022A065CFB9}.Debug|x86.ActiveCfg = Debug|Any CPU
		{BC6454D7-E562-4005-A3FF-F022A065CFB9}.Debug|x86.Build.0 = Debug|Any CPU
		{BC6454D7-E562-4005-A3FF-F022A065CFB9}.Default|Any CPU.ActiveCfg = Debug|Any CPU
		{BC6454D7-E562-4005-A3FF-F022A065CFB9}.Default|Any CPU.Build.0 = Debug|Any CPU
		{BC6454D7-E562-4005-A3FF-F022A065CFB9}.Default|ARM.ActiveCfg = Debug|Any CPU
		{BC6454D7-E562-4005-A3FF-F022A065CFB9}.Default|ARM.Build.0 = Debug|Any CPU
		{BC6454D7-E562-4005-A3FF-F022A065CFB9}.Default|Mixed Platforms.ActiveCfg = Debug|Any CPU
		{BC6454D7-E562-4005-A3FF-F022A065CFB9}.Default|Mixed Platforms.Build.0 = Debug|Any CPU
		{BC6454D7-E562-4005-A3FF-F022A065CFB9}.Default|x86.ActiveCfg = Debug|Any CPU
		{BC6454D7-E562-4005-A3FF-F022A065CFB9}.Default|x86.Build.0 = Debug|Any CPU
		{BC6454D7-E562-4005-A3FF-F022A065CFB9}.Release|Any CPU.ActiveCfg = Release|Any CPU
		{BC6454D7-E562-4005-A3FF-F022A065CFB9}.Release|Any CPU.Build.0 = Release|Any CPU
		{BC6454D7-E562-4005-A3FF-F022A065CFB9}.Release|ARM.ActiveCfg = Release|Any CPU
		{BC6454D7-E562-4005-A3FF-F022A065CFB9}.Release|ARM.Build.0 = Release|Any CPU
		{BC6454D7-E562-4005-A3FF-F022A065CFB9}.Release|Mixed Platforms.ActiveCfg = Release|Any CPU
		{BC6454D7-E562-4005-A3FF-F022A065CFB9}.Release|Mixed Platforms.Build.0 = Release|Any CPU
		{BC6454D7-E562-4005-A3FF-F022A065CFB9}.Release|x86.ActiveCfg = Release|Any CPU
		{BC6454D7-E562-4005-A3FF-F022A065CFB9}.Release|x86.Build.0 = Release|Any CPU
		{BC6454D7-E562-4005-A3FF-F022A065CFB9}.ReleaseWithPackage|Any CPU.ActiveCfg = Release|Any CPU
		{BC6454D7-E562-4005-A3FF-F022A065CFB9}.ReleaseWithPackage|Any CPU.Build.0 = Release|Any CPU
		{BC6454D7-E562-4005-A3FF-F022A065CFB9}.ReleaseWithPackage|ARM.ActiveCfg = Release|Any CPU
		{BC6454D7-E562-4005-A3FF-F022A065CFB9}.ReleaseWithPackage|ARM.Build.0 = Release|Any CPU
		{BC6454D7-E562-4005-A3FF-F022A065CFB9}.ReleaseWithPackage|Mixed Platforms.ActiveCfg = Release|Any CPU
		{BC6454D7-E562-4005-A3FF-F022A065CFB9}.ReleaseWithPackage|Mixed Platforms.Build.0 = Release|Any CPU
		{BC6454D7-E562-4005-A3FF-F022A065CFB9}.ReleaseWithPackage|x86.ActiveCfg = Release|Any CPU
		{BC6454D7-E562-4005-A3FF-F022A065CFB9}.ReleaseWithPackage|x86.Build.0 = Release|Any CPU
		{4153C752-377E-49F4-9776-10035B1C22EF}.Debug|Any CPU.ActiveCfg = Debug|Any CPU
		{4153C752-377E-49F4-9776-10035B1C22EF}.Debug|Any CPU.Build.0 = Debug|Any CPU
		{4153C752-377E-49F4-9776-10035B1C22EF}.Debug|ARM.ActiveCfg = Debug|Any CPU
		{4153C752-377E-49F4-9776-10035B1C22EF}.Debug|ARM.Build.0 = Debug|Any CPU
		{4153C752-377E-49F4-9776-10035B1C22EF}.Debug|Mixed Platforms.ActiveCfg = Debug|Any CPU
		{4153C752-377E-49F4-9776-10035B1C22EF}.Debug|Mixed Platforms.Build.0 = Debug|Any CPU
		{4153C752-377E-49F4-9776-10035B1C22EF}.Debug|x86.ActiveCfg = Debug|Any CPU
		{4153C752-377E-49F4-9776-10035B1C22EF}.Debug|x86.Build.0 = Debug|Any CPU
		{4153C752-377E-49F4-9776-10035B1C22EF}.Default|Any CPU.ActiveCfg = Debug|Any CPU
		{4153C752-377E-49F4-9776-10035B1C22EF}.Default|Any CPU.Build.0 = Debug|Any CPU
		{4153C752-377E-49F4-9776-10035B1C22EF}.Default|ARM.ActiveCfg = Debug|Any CPU
		{4153C752-377E-49F4-9776-10035B1C22EF}.Default|ARM.Build.0 = Debug|Any CPU
		{4153C752-377E-49F4-9776-10035B1C22EF}.Default|Mixed Platforms.ActiveCfg = Debug|Any CPU
		{4153C752-377E-49F4-9776-10035B1C22EF}.Default|Mixed Platforms.Build.0 = Debug|Any CPU
		{4153C752-377E-49F4-9776-10035B1C22EF}.Default|x86.ActiveCfg = Debug|Any CPU
		{4153C752-377E-49F4-9776-10035B1C22EF}.Default|x86.Build.0 = Debug|Any CPU
		{4153C752-377E-49F4-9776-10035B1C22EF}.Release|Any CPU.ActiveCfg = Release|Any CPU
		{4153C752-377E-49F4-9776-10035B1C22EF}.Release|Any CPU.Build.0 = Release|Any CPU
		{4153C752-377E-49F4-9776-10035B1C22EF}.Release|ARM.ActiveCfg = Release|Any CPU
		{4153C752-377E-49F4-9776-10035B1C22EF}.Release|ARM.Build.0 = Release|Any CPU
		{4153C752-377E-49F4-9776-10035B1C22EF}.Release|Mixed Platforms.ActiveCfg = Release|Any CPU
		{4153C752-377E-49F4-9776-10035B1C22EF}.Release|Mixed Platforms.Build.0 = Release|Any CPU
		{4153C752-377E-49F4-9776-10035B1C22EF}.Release|x86.ActiveCfg = Release|Any CPU
		{4153C752-377E-49F4-9776-10035B1C22EF}.Release|x86.Build.0 = Release|Any CPU
		{4153C752-377E-49F4-9776-10035B1C22EF}.ReleaseWithPackage|Any CPU.ActiveCfg = Release|Any CPU
		{4153C752-377E-49F4-9776-10035B1C22EF}.ReleaseWithPackage|Any CPU.Build.0 = Release|Any CPU
		{4153C752-377E-49F4-9776-10035B1C22EF}.ReleaseWithPackage|ARM.ActiveCfg = Release|Any CPU
		{4153C752-377E-49F4-9776-10035B1C22EF}.ReleaseWithPackage|ARM.Build.0 = Release|Any CPU
		{4153C752-377E-49F4-9776-10035B1C22EF}.ReleaseWithPackage|Mixed Platforms.ActiveCfg = Release|Any CPU
		{4153C752-377E-49F4-9776-10035B1C22EF}.ReleaseWithPackage|Mixed Platforms.Build.0 = Release|Any CPU
		{4153C752-377E-49F4-9776-10035B1C22EF}.ReleaseWithPackage|x86.ActiveCfg = Release|Any CPU
		{4153C752-377E-49F4-9776-10035B1C22EF}.ReleaseWithPackage|x86.Build.0 = Release|Any CPU
		{BC6454D7-E562-4005-A3FF-F022A065CFB8}.Debug|Any CPU.ActiveCfg = Debug|Any CPU
		{BC6454D7-E562-4005-A3FF-F022A065CFB8}.Debug|Any CPU.Build.0 = Debug|Any CPU
		{BC6454D7-E562-4005-A3FF-F022A065CFB8}.Debug|ARM.ActiveCfg = Debug|Any CPU
		{BC6454D7-E562-4005-A3FF-F022A065CFB8}.Debug|ARM.Build.0 = Debug|Any CPU
		{BC6454D7-E562-4005-A3FF-F022A065CFB8}.Debug|Mixed Platforms.ActiveCfg = Debug|Any CPU
		{BC6454D7-E562-4005-A3FF-F022A065CFB8}.Debug|Mixed Platforms.Build.0 = Debug|Any CPU
		{BC6454D7-E562-4005-A3FF-F022A065CFB8}.Debug|x86.ActiveCfg = Debug|Any CPU
		{BC6454D7-E562-4005-A3FF-F022A065CFB8}.Debug|x86.Build.0 = Debug|Any CPU
		{BC6454D7-E562-4005-A3FF-F022A065CFB8}.Default|Any CPU.ActiveCfg = Debug|Any CPU
		{BC6454D7-E562-4005-A3FF-F022A065CFB8}.Default|Any CPU.Build.0 = Debug|Any CPU
		{BC6454D7-E562-4005-A3FF-F022A065CFB8}.Default|ARM.ActiveCfg = Debug|Any CPU
		{BC6454D7-E562-4005-A3FF-F022A065CFB8}.Default|ARM.Build.0 = Debug|Any CPU
		{BC6454D7-E562-4005-A3FF-F022A065CFB8}.Default|Mixed Platforms.ActiveCfg = Debug|Any CPU
		{BC6454D7-E562-4005-A3FF-F022A065CFB8}.Default|Mixed Platforms.Build.0 = Debug|Any CPU
		{BC6454D7-E562-4005-A3FF-F022A065CFB8}.Default|x86.ActiveCfg = Debug|Any CPU
		{BC6454D7-E562-4005-A3FF-F022A065CFB8}.Default|x86.Build.0 = Debug|Any CPU
		{BC6454D7-E562-4005-A3FF-F022A065CFB8}.Release|Any CPU.ActiveCfg = Release|Any CPU
		{BC6454D7-E562-4005-A3FF-F022A065CFB8}.Release|Any CPU.Build.0 = Release|Any CPU
		{BC6454D7-E562-4005-A3FF-F022A065CFB8}.Release|ARM.ActiveCfg = Release|Any CPU
		{BC6454D7-E562-4005-A3FF-F022A065CFB8}.Release|ARM.Build.0 = Release|Any CPU
		{BC6454D7-E562-4005-A3FF-F022A065CFB8}.Release|Mixed Platforms.ActiveCfg = Release|Any CPU
		{BC6454D7-E562-4005-A3FF-F022A065CFB8}.Release|Mixed Platforms.Build.0 = Release|Any CPU
		{BC6454D7-E562-4005-A3FF-F022A065CFB8}.Release|x86.ActiveCfg = Release|Any CPU
		{BC6454D7-E562-4005-A3FF-F022A065CFB8}.Release|x86.Build.0 = Release|Any CPU
		{BC6454D7-E562-4005-A3FF-F022A065CFB8}.ReleaseWithPackage|Any CPU.ActiveCfg = Release|Any CPU
		{BC6454D7-E562-4005-A3FF-F022A065CFB8}.ReleaseWithPackage|Any CPU.Build.0 = Release|Any CPU
		{BC6454D7-E562-4005-A3FF-F022A065CFB8}.ReleaseWithPackage|ARM.ActiveCfg = Release|Any CPU
		{BC6454D7-E562-4005-A3FF-F022A065CFB8}.ReleaseWithPackage|ARM.Build.0 = Release|Any CPU
		{BC6454D7-E562-4005-A3FF-F022A065CFB8}.ReleaseWithPackage|Mixed Platforms.ActiveCfg = Release|Any CPU
		{BC6454D7-E562-4005-A3FF-F022A065CFB8}.ReleaseWithPackage|Mixed Platforms.Build.0 = Release|Any CPU
		{BC6454D7-E562-4005-A3FF-F022A065CFB8}.ReleaseWithPackage|x86.ActiveCfg = Release|Any CPU
		{BC6454D7-E562-4005-A3FF-F022A065CFB8}.ReleaseWithPackage|x86.Build.0 = Release|Any CPU
		{3622EBE3-377E-4F74-912E-21700A80F8C1}.Debug|Any CPU.ActiveCfg = Debug|Any CPU
 		{3622EBE3-377E-4F74-912E-21700A80F8C1}.Debug|Any CPU.Build.0 = Debug|Any CPU
 		{3622EBE3-377E-4F74-912E-21700A80F8C1}.Debug|ARM.ActiveCfg = Debug|Any CPU
 		{3622EBE3-377E-4F74-912E-21700A80F8C1}.Debug|ARM.Build.0 = Debug|Any CPU
 		{3622EBE3-377E-4F74-912E-21700A80F8C1}.Debug|Mixed Platforms.ActiveCfg = Debug|Any CPU
 		{3622EBE3-377E-4F74-912E-21700A80F8C1}.Debug|Mixed Platforms.Build.0 = Debug|Any CPU
 		{3622EBE3-377E-4F74-912E-21700A80F8C1}.Debug|x86.ActiveCfg = Debug|Any CPU
 		{3622EBE3-377E-4F74-912E-21700A80F8C1}.Debug|x86.Build.0 = Debug|Any CPU
 		{3622EBE3-377E-4F74-912E-21700A80F8C1}.Default|Any CPU.ActiveCfg = Debug|Any CPU
 		{3622EBE3-377E-4F74-912E-21700A80F8C1}.Default|Any CPU.Build.0 = Debug|Any CPU
 		{3622EBE3-377E-4F74-912E-21700A80F8C1}.Default|ARM.ActiveCfg = Debug|Any CPU
 		{3622EBE3-377E-4F74-912E-21700A80F8C1}.Default|ARM.Build.0 = Debug|Any CPU
 		{3622EBE3-377E-4F74-912E-21700A80F8C1}.Default|Mixed Platforms.ActiveCfg = Debug|Any CPU
 		{3622EBE3-377E-4F74-912E-21700A80F8C1}.Default|Mixed Platforms.Build.0 = Debug|Any CPU
 		{3622EBE3-377E-4F74-912E-21700A80F8C1}.Default|x86.ActiveCfg = Debug|Any CPU
 		{3622EBE3-377E-4F74-912E-21700A80F8C1}.Default|x86.Build.0 = Debug|Any CPU
 		{3622EBE3-377E-4F74-912E-21700A80F8C1}.Release|Any CPU.ActiveCfg = Release|Any CPU
 		{3622EBE3-377E-4F74-912E-21700A80F8C1}.Release|Any CPU.Build.0 = Release|Any CPU
 		{3622EBE3-377E-4F74-912E-21700A80F8C1}.Release|ARM.ActiveCfg = Release|Any CPU
 		{3622EBE3-377E-4F74-912E-21700A80F8C1}.Release|ARM.Build.0 = Release|Any CPU
 		{3622EBE3-377E-4F74-912E-21700A80F8C1}.Release|Mixed Platforms.ActiveCfg = Release|Any CPU
 		{3622EBE3-377E-4F74-912E-21700A80F8C1}.Release|Mixed Platforms.Build.0 = Release|Any CPU
 		{3622EBE3-377E-4F74-912E-21700A80F8C1}.Release|x86.ActiveCfg = Release|Any CPU
 		{3622EBE3-377E-4F74-912E-21700A80F8C1}.Release|x86.Build.0 = Release|Any CPU
 		{3622EBE3-377E-4F74-912E-21700A80F8C1}.ReleaseWithPackage|Any CPU.ActiveCfg = Release|Any CPU
 		{3622EBE3-377E-4F74-912E-21700A80F8C1}.ReleaseWithPackage|Any CPU.Build.0 = Release|Any CPU
 		{3622EBE3-377E-4F74-912E-21700A80F8C1}.ReleaseWithPackage|ARM.ActiveCfg = Release|Any CPU
 		{3622EBE3-377E-4F74-912E-21700A80F8C1}.ReleaseWithPackage|ARM.Build.0 = Release|Any CPU
 		{3622EBE3-377E-4F74-912E-21700A80F8C1}.ReleaseWithPackage|Mixed Platforms.ActiveCfg = Release|Any CPU
 		{3622EBE3-377E-4F74-912E-21700A80F8C1}.ReleaseWithPackage|Mixed Platforms.Build.0 = Release|Any CPU
 		{3622EBE3-377E-4F74-912E-21700A80F8C1}.ReleaseWithPackage|x86.ActiveCfg = Release|Any CPU
 		{3622EBE3-377E-4F74-912E-21700A80F8C1}.ReleaseWithPackage|x86.Build.0 = Release|Any CPU
 		{003425BA-43D1-4FB4-987C-8B5904A98DFA}.Debug|Any CPU.ActiveCfg = Debug|Any CPU
 		{003425BA-43D1-4FB4-987C-8B5904A98DFA}.Debug|Any CPU.Build.0 = Debug|Any CPU
 		{003425BA-43D1-4FB4-987C-8B5904A98DFA}.Debug|ARM.ActiveCfg = Debug|Any CPU
 		{003425BA-43D1-4FB4-987C-8B5904A98DFA}.Debug|ARM.Build.0 = Debug|Any CPU
 		{003425BA-43D1-4FB4-987C-8B5904A98DFA}.Debug|Mixed Platforms.ActiveCfg = Debug|Any CPU
 		{003425BA-43D1-4FB4-987C-8B5904A98DFA}.Debug|Mixed Platforms.Build.0 = Debug|Any CPU
 		{003425BA-43D1-4FB4-987C-8B5904A98DFA}.Debug|x86.ActiveCfg = Debug|Any CPU
 		{003425BA-43D1-4FB4-987C-8B5904A98DFA}.Debug|x86.Build.0 = Debug|Any CPU
 		{003425BA-43D1-4FB4-987C-8B5904A98DFA}.Default|Any CPU.ActiveCfg = Debug|Any CPU
 		{003425BA-43D1-4FB4-987C-8B5904A98DFA}.Default|Any CPU.Build.0 = Debug|Any CPU
 		{003425BA-43D1-4FB4-987C-8B5904A98DFA}.Default|ARM.ActiveCfg = Debug|Any CPU
 		{003425BA-43D1-4FB4-987C-8B5904A98DFA}.Default|ARM.Build.0 = Debug|Any CPU
 		{003425BA-43D1-4FB4-987C-8B5904A98DFA}.Default|Mixed Platforms.ActiveCfg = Debug|Any CPU
 		{003425BA-43D1-4FB4-987C-8B5904A98DFA}.Default|Mixed Platforms.Build.0 = Debug|Any CPU
 		{003425BA-43D1-4FB4-987C-8B5904A98DFA}.Default|x86.ActiveCfg = Debug|Any CPU
 		{003425BA-43D1-4FB4-987C-8B5904A98DFA}.Default|x86.Build.0 = Debug|Any CPU
 		{003425BA-43D1-4FB4-987C-8B5904A98DFA}.Release|Any CPU.ActiveCfg = Release|Any CPU
 		{003425BA-43D1-4FB4-987C-8B5904A98DFA}.Release|Any CPU.Build.0 = Release|Any CPU
 		{003425BA-43D1-4FB4-987C-8B5904A98DFA}.Release|ARM.ActiveCfg = Release|Any CPU
 		{003425BA-43D1-4FB4-987C-8B5904A98DFA}.Release|ARM.Build.0 = Release|Any CPU
 		{003425BA-43D1-4FB4-987C-8B5904A98DFA}.Release|Mixed Platforms.ActiveCfg = Release|Any CPU
 		{003425BA-43D1-4FB4-987C-8B5904A98DFA}.Release|Mixed Platforms.Build.0 = Release|Any CPU
 		{003425BA-43D1-4FB4-987C-8B5904A98DFA}.Release|x86.ActiveCfg = Release|Any CPU
 		{003425BA-43D1-4FB4-987C-8B5904A98DFA}.Release|x86.Build.0 = Release|Any CPU
 		{003425BA-43D1-4FB4-987C-8B5904A98DFA}.ReleaseWithPackage|Any CPU.ActiveCfg = Release|Any CPU
 		{003425BA-43D1-4FB4-987C-8B5904A98DFA}.ReleaseWithPackage|Any CPU.Build.0 = Release|Any CPU
 		{003425BA-43D1-4FB4-987C-8B5904A98DFA}.ReleaseWithPackage|ARM.ActiveCfg = Release|Any CPU
 		{003425BA-43D1-4FB4-987C-8B5904A98DFA}.ReleaseWithPackage|ARM.Build.0 = Release|Any CPU
 		{003425BA-43D1-4FB4-987C-8B5904A98DFA}.ReleaseWithPackage|Mixed Platforms.ActiveCfg = Release|Any CPU
 		{003425BA-43D1-4FB4-987C-8B5904A98DFA}.ReleaseWithPackage|Mixed Platforms.Build.0 = Release|Any CPU
 		{003425BA-43D1-4FB4-987C-8B5904A98DFA}.ReleaseWithPackage|x86.ActiveCfg = Release|Any CPU
 		{003425BA-43D1-4FB4-987C-8B5904A98DFA}.ReleaseWithPackage|x86.Build.0 = Release|Any CPU
		{0A109528-E235-40E9-92A3-579495C2051C}.Debug|Any CPU.ActiveCfg = Debug|Any CPU
		{0A109528-E235-40E9-92A3-579495C2051C}.Debug|Any CPU.Build.0 = Debug|Any CPU
		{0A109528-E235-40E9-92A3-579495C2051C}.Debug|ARM.ActiveCfg = Debug|Any CPU
		{0A109528-E235-40E9-92A3-579495C2051C}.Debug|Mixed Platforms.ActiveCfg = Debug|Any CPU
		{0A109528-E235-40E9-92A3-579495C2051C}.Debug|Mixed Platforms.Build.0 = Debug|Any CPU
		{0A109528-E235-40E9-92A3-579495C2051C}.Debug|x86.ActiveCfg = Debug|Any CPU
		{0A109528-E235-40E9-92A3-579495C2051C}.Default|Any CPU.ActiveCfg = Debug|Any CPU
		{0A109528-E235-40E9-92A3-579495C2051C}.Default|Any CPU.Build.0 = Debug|Any CPU
		{0A109528-E235-40E9-92A3-579495C2051C}.Default|ARM.ActiveCfg = Debug|Any CPU
		{0A109528-E235-40E9-92A3-579495C2051C}.Default|Mixed Platforms.ActiveCfg = Debug|Any CPU
		{0A109528-E235-40E9-92A3-579495C2051C}.Default|Mixed Platforms.Build.0 = Debug|Any CPU
		{0A109528-E235-40E9-92A3-579495C2051C}.Default|x86.ActiveCfg = Debug|Any CPU
		{0A109528-E235-40E9-92A3-579495C2051C}.Release|Any CPU.ActiveCfg = Release|Any CPU
		{0A109528-E235-40E9-92A3-579495C2051C}.Release|Any CPU.Build.0 = Release|Any CPU
		{0A109528-E235-40E9-92A3-579495C2051C}.Release|ARM.ActiveCfg = Release|Any CPU
		{0A109528-E235-40E9-92A3-579495C2051C}.Release|Mixed Platforms.ActiveCfg = Release|Any CPU
		{0A109528-E235-40E9-92A3-579495C2051C}.Release|Mixed Platforms.Build.0 = Release|Any CPU
		{0A109528-E235-40E9-92A3-579495C2051C}.Release|x86.ActiveCfg = Release|Any CPU
		{0A109528-E235-40E9-92A3-579495C2051C}.ReleaseWithPackage|Any CPU.ActiveCfg = Release|Any CPU
		{0A109528-E235-40E9-92A3-579495C2051C}.ReleaseWithPackage|Any CPU.Build.0 = Release|Any CPU
		{0A109528-E235-40E9-92A3-579495C2051C}.ReleaseWithPackage|ARM.ActiveCfg = Release|Any CPU
		{0A109528-E235-40E9-92A3-579495C2051C}.ReleaseWithPackage|Mixed Platforms.ActiveCfg = Release|Any CPU
		{0A109528-E235-40E9-92A3-579495C2051C}.ReleaseWithPackage|Mixed Platforms.Build.0 = Release|Any CPU
		{0A109528-E235-40E9-92A3-579495C2051C}.ReleaseWithPackage|x86.ActiveCfg = Release|Any CPU
		{1151E39B-1629-41D6-B3BA-2B6222823BDB}.Debug|Any CPU.ActiveCfg = Debug|Any CPU
		{1151E39B-1629-41D6-B3BA-2B6222823BDB}.Debug|Any CPU.Build.0 = Debug|Any CPU
		{1151E39B-1629-41D6-B3BA-2B6222823BDB}.Debug|ARM.ActiveCfg = Debug|Any CPU
		{1151E39B-1629-41D6-B3BA-2B6222823BDB}.Debug|Mixed Platforms.ActiveCfg = Debug|Any CPU
		{1151E39B-1629-41D6-B3BA-2B6222823BDB}.Debug|Mixed Platforms.Build.0 = Debug|Any CPU
		{1151E39B-1629-41D6-B3BA-2B6222823BDB}.Debug|x86.ActiveCfg = Debug|Any CPU
		{1151E39B-1629-41D6-B3BA-2B6222823BDB}.Default|Any CPU.ActiveCfg = Debug|Any CPU
		{1151E39B-1629-41D6-B3BA-2B6222823BDB}.Default|Any CPU.Build.0 = Debug|Any CPU
		{1151E39B-1629-41D6-B3BA-2B6222823BDB}.Default|ARM.ActiveCfg = Debug|Any CPU
		{1151E39B-1629-41D6-B3BA-2B6222823BDB}.Default|Mixed Platforms.ActiveCfg = Debug|Any CPU
		{1151E39B-1629-41D6-B3BA-2B6222823BDB}.Default|Mixed Platforms.Build.0 = Debug|Any CPU
		{1151E39B-1629-41D6-B3BA-2B6222823BDB}.Default|x86.ActiveCfg = Debug|Any CPU
		{1151E39B-1629-41D6-B3BA-2B6222823BDB}.Release|Any CPU.ActiveCfg = Release|Any CPU
		{1151E39B-1629-41D6-B3BA-2B6222823BDB}.Release|Any CPU.Build.0 = Release|Any CPU
		{1151E39B-1629-41D6-B3BA-2B6222823BDB}.Release|ARM.ActiveCfg = Release|Any CPU
		{1151E39B-1629-41D6-B3BA-2B6222823BDB}.Release|Mixed Platforms.ActiveCfg = Release|Any CPU
		{1151E39B-1629-41D6-B3BA-2B6222823BDB}.Release|Mixed Platforms.Build.0 = Release|Any CPU
		{1151E39B-1629-41D6-B3BA-2B6222823BDB}.Release|x86.ActiveCfg = Release|Any CPU
		{1151E39B-1629-41D6-B3BA-2B6222823BDB}.ReleaseWithPackage|Any CPU.ActiveCfg = Release|Any CPU
		{1151E39B-1629-41D6-B3BA-2B6222823BDB}.ReleaseWithPackage|Any CPU.Build.0 = Release|Any CPU
		{1151E39B-1629-41D6-B3BA-2B6222823BDB}.ReleaseWithPackage|ARM.ActiveCfg = Release|Any CPU
		{1151E39B-1629-41D6-B3BA-2B6222823BDB}.ReleaseWithPackage|Mixed Platforms.ActiveCfg = Release|Any CPU
		{1151E39B-1629-41D6-B3BA-2B6222823BDB}.ReleaseWithPackage|Mixed Platforms.Build.0 = Release|Any CPU
		{1151E39B-1629-41D6-B3BA-2B6222823BDB}.ReleaseWithPackage|x86.ActiveCfg = Release|Any CPU
	EndGlobalSection
	GlobalSection(SolutionProperties) = preSolution
		HideSolutionNode = FALSE
	EndGlobalSection
	GlobalSection(TestCaseManagementSettings) = postSolution
		CategoryFile = Twilio1.vsmdi
	EndGlobalSection
EndGlobal
