
Microsoft Visual Studio Solution File, Format Version 11.00
# Visual Studio 2010
Project("{FAE04EC0-301F-11D3-BF4B-00C04F79EFBC}") = "Twilio.Api.MonoTouch", "Twilio.Api.MonoTouch\Twilio.Api.MonoTouch.csproj", "{EC4D081B-3D6A-4054-B04F-4E827A083982}"
EndProject
Project("{FAE04EC0-301F-11D3-BF4B-00C04F79EFBC}") = "Twilio.Api.MonoDroid", "Twilio.Api.MonoDroid\Twilio.Api.MonoDroid.csproj", "{FBB12CB6-7255-4F5C-825D-FAC178682422}"
EndProject
Global
	GlobalSection(SolutionConfigurationPlatforms) = preSolution
		Debug|Any CPU = Debug|Any CPU
		Release|Any CPU = Release|Any CPU
	EndGlobalSection
	GlobalSection(ProjectConfigurationPlatforms) = postSolution
		{EC4D081B-3D6A-4054-B04F-4E827A083982}.Debug|Any CPU.ActiveCfg = Debug|Any CPU
		{EC4D081B-3D6A-4054-B04F-4E827A083982}.Debug|Any CPU.Build.0 = Debug|Any CPU
		{EC4D081B-3D6A-4054-B04F-4E827A083982}.Release|Any CPU.ActiveCfg = Release|Any CPU
		{EC4D081B-3D6A-4054-B04F-4E827A083982}.Release|Any CPU.Build.0 = Release|Any CPU
		{FBB12CB6-7255-4F5C-825D-FAC178682422}.Debug|Any CPU.ActiveCfg = Debug|Any CPU
		{FBB12CB6-7255-4F5C-825D-FAC178682422}.Debug|Any CPU.Build.0 = Debug|Any CPU
		{FBB12CB6-7255-4F5C-825D-FAC178682422}.Release|Any CPU.ActiveCfg = Release|Any CPU
		{FBB12CB6-7255-4F5C-825D-FAC178682422}.Release|Any CPU.Build.0 = Release|Any CPU
	EndGlobalSection
	GlobalSection(MonoDevelopProperties) = preSolution
		StartupItem = Twilio.Api.MonoTouch\Twilio.Api.MonoTouch.csproj
	EndGlobalSection
EndGlobal
