
Microsoft Visual Studio Solution File, Format Version 12.00
# Visual Studio 2013
VisualStudioVersion = 12.0.30723.0
MinimumVisualStudioVersion = 10.0.40219.1
Project("{FAE04EC0-301F-11D3-BF4B-00C04F79EFBC}") = "Twilio.Api", "Twilio.Api\Twilio.Api.csproj", "{894FF9E8-4DBF-4472-8AE2-1A6A988E105B}"
EndProject
Project("{FAE04EC0-301F-11D3-BF4B-00C04F79EFBC}") = "Twilio.Api.Tests.Integration", "Twilio.Api.Tests.Integration\Twilio.Api.Tests.Integration.csproj", "{2E1A3B46-C072-48E0-92BF-F2901036979F}"
EndProject
Global
	GlobalSection(SolutionConfigurationPlatforms) = preSolution
		Debug|Any CPU = Debug|Any CPU
		Release|Any CPU = Release|Any CPU
		ReleaseWithPackage|Any CPU = ReleaseWithPackage|Any CPU
	EndGlobalSection
	GlobalSection(ProjectConfigurationPlatforms) = postSolution
		{894FF9E8-4DBF-4472-8AE2-1A6A988E105B}.Debug|Any CPU.ActiveCfg = Debug|Any CPU
		{894FF9E8-4DBF-4472-8AE2-1A6A988E105B}.Debug|Any CPU.Build.0 = Debug|Any CPU
		{894FF9E8-4DBF-4472-8AE2-1A6A988E105B}.Release|Any CPU.ActiveCfg = Release|Any CPU
		{894FF9E8-4DBF-4472-8AE2-1A6A988E105B}.Release|Any CPU.Build.0 = Release|Any CPU
		{894FF9E8-4DBF-4472-8AE2-1A6A988E105B}.ReleaseWithPackage|Any CPU.ActiveCfg = ReleaseWithPackage|Any CPU
		{894FF9E8-4DBF-4472-8AE2-1A6A988E105B}.ReleaseWithPackage|Any CPU.Build.0 = ReleaseWithPackage|Any CPU
		{2E1A3B46-C072-48E0-92BF-F2901036979F}.Debug|Any CPU.ActiveCfg = Debug|Any CPU
		{2E1A3B46-C072-48E0-92BF-F2901036979F}.Debug|Any CPU.Build.0 = Debug|Any CPU
		{2E1A3B46-C072-48E0-92BF-F2901036979F}.Release|Any CPU.ActiveCfg = Release|Any CPU
		{2E1A3B46-C072-48E0-92BF-F2901036979F}.Release|Any CPU.Build.0 = Release|Any CPU
		{2E1A3B46-C072-48E0-92BF-F2901036979F}.ReleaseWithPackage|Any CPU.ActiveCfg = Release|Any CPU
		{2E1A3B46-C072-48E0-92BF-F2901036979F}.ReleaseWithPackage|Any CPU.Build.0 = Release|Any CPU
	EndGlobalSection
	GlobalSection(SolutionProperties) = preSolution
		HideSolutionNode = FALSE
	EndGlobalSection
EndGlobal
